// !$*UTF8*$!
{
	archiveVersion = 1;
	classes = {
	};
	objectVersion = 77;
	objects = {

/* Begin PBXBuildFile section */
		0026E84E24A58ACB90EC32CF /* Language.swift in Sources */ = {isa = PBXBuildFile; fileRef = A0FF9ED5D88238C21A74A74B /* Language.swift */; };
		01C166EEEE28E211412D8191 /* HotkeyAction.swift in Sources */ = {isa = PBXBuildFile; fileRef = 7561751A5B97C24071D7239B /* HotkeyAction.swift */; };
		0452901C431C9D2E0ACC5E05 /* KeychainVault.swift in Sources */ = {isa = PBXBuildFile; fileRef = 896C7A726491A9596AB20640 /* KeychainVault.swift */; };
		05E36039B7405C83516D7B91 /* TextTransform.swift in Sources */ = {isa = PBXBuildFile; fileRef = 04294A072CE6BAF936F5F409 /* TextTransform.swift */; };
		0ED817404E81D5C08C2036EA /* URLSchemeHandlerTests.swift in Sources */ = {isa = PBXBuildFile; fileRef = 7C03034DF72F832427B706AD /* URLSchemeHandlerTests.swift */; };
		17586D3DA45DA5FB34B6131E /* SystemPasteboard.swift in Sources */ = {isa = PBXBuildFile; fileRef = 1EC102F9BE53B39257783A3F /* SystemPasteboard.swift */; };
		1D4F393D68B76AC4EDB29FBE /* FolderWatcher.swift in Sources */ = {isa = PBXBuildFile; fileRef = 2D42AC31AF44C99DC2DAA1DD /* FolderWatcher.swift */; };
		1D549134D272A68189057E91 /* TemplateEditor.swift in Sources */ = {isa = PBXBuildFile; fileRef = A95939741A2649A153A3DFAB /* TemplateEditor.swift */; };
		210B67519C97882EDD42BAA5 /* HashTransforms.swift in Sources */ = {isa = PBXBuildFile; fileRef = F1EB97A7BA1C03229FB3FC04 /* HashTransforms.swift */; };
		239E71F8070903DEA6E18901 /* HotkeyCenter.swift in Sources */ = {isa = PBXBuildFile; fileRef = 46989808F3B137FB3FAD7DE9 /* HotkeyCenter.swift */; };
		28CC078A84D708EFB389B0C3 /* LanguageDetectorTests.swift in Sources */ = {isa = PBXBuildFile; fileRef = 7D07B1219BD00D57DF8FDFE7 /* LanguageDetectorTests.swift */; };
		2B3E3FE7CF22026EED6F529C /* PopoverKeyMonitor.swift in Sources */ = {isa = PBXBuildFile; fileRef = D43972CEF5A95C95EF121A04 /* PopoverKeyMonitor.swift */; };
		2DCA088ADAB82FA1A64EBC0A /* VaultMetadataStore.swift in Sources */ = {isa = PBXBuildFile; fileRef = FDC7A70B52D14489C1440512 /* VaultMetadataStore.swift */; };
		30DB99D48A51C433C5D36933 /* Snippet.swift in Sources */ = {isa = PBXBuildFile; fileRef = A954D1E2122D96AA1BE96F41 /* Snippet.swift */; };
		318208F86491FC2DD43EBC92 /* ClipboardWatcher.swift in Sources */ = {isa = PBXBuildFile; fileRef = 4F3DA0B8DFF3B788776AB1DD /* ClipboardWatcher.swift */; };
		345939FB7C7CB691D62E78E1 /* SyntaxHighlighter.swift in Sources */ = {isa = PBXBuildFile; fileRef = 3C6739624E867ACEF1457D5B /* SyntaxHighlighter.swift */; };
		34D0EA47734DD9D087931918 /* UniformDedent.swift in Sources */ = {isa = PBXBuildFile; fileRef = 89E004F63FE4C3019E846F01 /* UniformDedent.swift */; };
		35901F54B7BB55EBCB416346 /* PromptVariablesTests.swift in Sources */ = {isa = PBXBuildFile; fileRef = BCD07998F3F68EEAA94C5A44 /* PromptVariablesTests.swift */; };
		365C683A0E55DD701874AB7E /* HotKey in Frameworks */ = {isa = PBXBuildFile; productRef = CC88CEB6873CC813F7D74CD1 /* HotKey */; };
		37AEF891649E3AD826B6B03F /* SlackRule.swift in Sources */ = {isa = PBXBuildFile; fileRef = 9CEF41F4AC41A4299C4E9CBA /* SlackRule.swift */; };
		3BE2CA1AD6CEAD90891085B5 /* SnippetRepositoryTests.swift in Sources */ = {isa = PBXBuildFile; fileRef = 3C75E7C2E0A6751978FF6EC8 /* SnippetRepositoryTests.swift */; };
		3EAFF81B64CEA5300D507B84 /* TemplateRenderer.swift in Sources */ = {isa = PBXBuildFile; fileRef = 884F4C6655A5D075CE53771B /* TemplateRenderer.swift */; };
		3F072CC1CE9E5AF06D54D605 /* SnippetsView.swift in Sources */ = {isa = PBXBuildFile; fileRef = E80E0CA1B4ADFC3287C53EAF /* SnippetsView.swift */; };
		3F5939E69CF3112A96EBFB1F /* FormatTransforms.swift in Sources */ = {isa = PBXBuildFile; fileRef = 745A9ACE86FCA546A9FF5F5A /* FormatTransforms.swift */; };
		426889B934835D60A8E7A741 /* ClipboardPopoverView.swift in Sources */ = {isa = PBXBuildFile; fileRef = 0E497904385BCD9042611136 /* ClipboardPopoverView.swift */; };
		4825C7D2A2E74565024A7A2A /* FuzzyScorerTests.swift in Sources */ = {isa = PBXBuildFile; fileRef = 596D3F062BA5A9EACFFCC26F /* FuzzyScorerTests.swift */; };
		48A115AB2C025BC8E5636340 /* PinnedFolderSync.swift in Sources */ = {isa = PBXBuildFile; fileRef = 2BDC07C34BA293DF7A389662 /* PinnedFolderSync.swift */; };
		4B315BBE4C4B7133AFAD9CFC /* MenuBarController.swift in Sources */ = {isa = PBXBuildFile; fileRef = 86FD3B9E3D4A6F32EE816D11 /* MenuBarController.swift */; };
		4CDBB07AC4DF09620D1D2327 /* VaultView.swift in Sources */ = {isa = PBXBuildFile; fileRef = 0A72FE4F2B5ED69E26AEE173 /* VaultView.swift */; };
		4D22C4ED6E077B957C015D9B /* SnippetRecord.swift in Sources */ = {isa = PBXBuildFile; fileRef = B77B1C09C0D37B09C1B9EECF /* SnippetRecord.swift */; };
		4FA16D08C43CFDCE142EB04B /* GRDB in Frameworks */ = {isa = PBXBuildFile; productRef = 22761CE670CBD659A7821DBA /* GRDB */; };
		551656322B1819C49AB46099 /* SnippetStore.swift in Sources */ = {isa = PBXBuildFile; fileRef = C17B446835F232BEC5F8F161 /* SnippetStore.swift */; };
		56242BDEC4847AB58C365D60 /* PinnedSlotsBar.swift in Sources */ = {isa = PBXBuildFile; fileRef = 1CE477453A87105162B16A01 /* PinnedSlotsBar.swift */; };
		5737C477990F261CB7D4CE67 /* AppDelegate.swift in Sources */ = {isa = PBXBuildFile; fileRef = 98037F8602F016CBA777C342 /* AppDelegate.swift */; };
		58329BE59498157D68BF7990 /* SmartPasteRule.swift in Sources */ = {isa = PBXBuildFile; fileRef = FD5069EF1E0F1C5216511CE8 /* SmartPasteRule.swift */; };
		5B6294AAF11D2D9C386BF511 /* VaultWindowController.swift in Sources */ = {isa = PBXBuildFile; fileRef = D14DAD60C550A4C0671F3D94 /* VaultWindowController.swift */; };
		5C642C30A215D7A157A21ECB /* SensitivePatternDetector.swift in Sources */ = {isa = PBXBuildFile; fileRef = FA927242BB3184DBE02E791A /* SensitivePatternDetector.swift */; };
		5FA750023049BEFDA2EFB8A4 /* PasteboardReading.swift in Sources */ = {isa = PBXBuildFile; fileRef = 1E372A2E9F530A3BEDB0C37E /* PasteboardReading.swift */; };
		5FB04E3F5A942D1A24A8DD24 /* PrivacyModeState.swift in Sources */ = {isa = PBXBuildFile; fileRef = 5F95328CF221ECAB2355D169 /* PrivacyModeState.swift */; };
		61C9E273B0AD22CA070D1703 /* SensitiveSweeper.swift in Sources */ = {isa = PBXBuildFile; fileRef = 31CD83E8164CDD7A9D3622C3 /* SensitiveSweeper.swift */; };
		643E59C94909F2FE8B0D0A22 /* TemplateRendererTests.swift in Sources */ = {isa = PBXBuildFile; fileRef = 1C626B09C784CD77FA8BCEDC /* TemplateRendererTests.swift */; };
		667611E9749762857FB9128B /* GRDBClipboardRepository.swift in Sources */ = {isa = PBXBuildFile; fileRef = 37849297E84653AAA14FDC4D /* GRDBClipboardRepository.swift */; };
		6AF78F6321D87A58B47E39A1 /* OnboardingWindow.swift in Sources */ = {isa = PBXBuildFile; fileRef = 11E4BCE5D9BA8F95DA839C2E /* OnboardingWindow.swift */; };
		6DBB9AD5D351F3BA3F106EBC /* PrivacyFilterTests.swift in Sources */ = {isa = PBXBuildFile; fileRef = E474A49C7F9D98D7020B17A6 /* PrivacyFilterTests.swift */; };
		71327DDC2A59A99D6C0C9775 /* TemplateTokenizerTests.swift in Sources */ = {isa = PBXBuildFile; fileRef = D34DAB75E8F455B7E51267A3 /* TemplateTokenizerTests.swift */; };
		7331EDBA3E54DD0B9A798FE6 /* SnippetRepository.swift in Sources */ = {isa = PBXBuildFile; fileRef = 417DE1FD211A82A9A4B74B3B /* SnippetRepository.swift */; };
		76AB9D3E275BD57A2AA680DE /* OCRService.swift in Sources */ = {isa = PBXBuildFile; fileRef = B9DFED243F141ADC68AB1D93 /* OCRService.swift */; };
		79195191D00CC43BA176735E /* FuzzyScorer.swift in Sources */ = {isa = PBXBuildFile; fileRef = D23D9A47F1CFAF12B4D7DDD0 /* FuzzyScorer.swift */; };
		7A3A79534B559582B719BA17 /* TextTransformTests.swift in Sources */ = {isa = PBXBuildFile; fileRef = E8F246BE6A5BE332BD9D51E6 /* TextTransformTests.swift */; };
		7CB2CA481F965DE335A1C5FA /* SmartPasteRegistry.swift in Sources */ = {isa = PBXBuildFile; fileRef = 2969B8AB6087BB0FE09EA714 /* SmartPasteRegistry.swift */; };
		7F26776D44F55C4AA36CC536 /* StorageSettings.swift in Sources */ = {isa = PBXBuildFile; fileRef = A6B731BEECFCFC2ABF62A216 /* StorageSettings.swift */; };
		80AB97BBB06367C5E9535613 /* DragPayload.swift in Sources */ = {isa = PBXBuildFile; fileRef = 979A5F1DF14EF606C3B62FD0 /* DragPayload.swift */; };
		81CC71F9122EF736B420C467 /* AccessibilityPermission.swift in Sources */ = {isa = PBXBuildFile; fileRef = 23183B019E863DAB938191FA /* AccessibilityPermission.swift */; };
		82B4BAEE854779513838478B /* CapturedContent.swift in Sources */ = {isa = PBXBuildFile; fileRef = 0316D9D8CB57924A01CD37A1 /* CapturedContent.swift */; };
		847C3F67416DD97F4315F355 /* ExclusionList.swift in Sources */ = {isa = PBXBuildFile; fileRef = 29123AE648AD0A069D783F09 /* ExclusionList.swift */; };
		862799616057A60C736E3BDC /* ContentHasher.swift in Sources */ = {isa = PBXBuildFile; fileRef = AA21B7CE0F47D615FABB1DDA /* ContentHasher.swift */; };
		892EE3D1A9320F07BE9B401A /* LanguageDetector.swift in Sources */ = {isa = PBXBuildFile; fileRef = 55C0250B3166C9BC61D2E8C9 /* LanguageDetector.swift */; };
		89315B596681E5BBE2C83B5D /* CodeEditorRule.swift in Sources */ = {isa = PBXBuildFile; fileRef = 5D018472FF3420AABC75E477 /* CodeEditorRule.swift */; };
		92780B45AEE5D2F83BA0F046 /* ClipboardStore.swift in Sources */ = {isa = PBXBuildFile; fileRef = EA2BA998BD1573FD6CA84843 /* ClipboardStore.swift */; };
		92C00A496979E50A22EC2C7C /* SystemPasteEngine.swift in Sources */ = {isa = PBXBuildFile; fileRef = 2D603AFCB0F47EAEAB4C3298 /* SystemPasteEngine.swift */; };
		94D43C65F086CD787687F75F /* SlotFileFormatTests.swift in Sources */ = {isa = PBXBuildFile; fileRef = A04AC9EB4550A413CF57CE4D /* SlotFileFormatTests.swift */; };
		988AD41FE084E8A1A1D1ED3C /* VaultNotifications.swift in Sources */ = {isa = PBXBuildFile; fileRef = ACA00CDD8949E2E43B654B7B /* VaultNotifications.swift */; };
		9916AB7F52D28D33CA9A3749 /* AnsiStripper.swift in Sources */ = {isa = PBXBuildFile; fileRef = 8360208E782601DF73B7AB20 /* AnsiStripper.swift */; };
		9C69D52CDA951794731C96F8 /* InMemoryDatabase.swift in Sources */ = {isa = PBXBuildFile; fileRef = 496BD1A8DA53BEFC34AE1952 /* InMemoryDatabase.swift */; };
		9DB3B1EAE11971F75A836C15 /* AccessibilityPrompt.swift in Sources */ = {isa = PBXBuildFile; fileRef = 8BE55E16A01018F12B859E72 /* AccessibilityPrompt.swift */; };
		A23ACCEF1E9249383899D9F1 /* PrivacyFilter.swift in Sources */ = {isa = PBXBuildFile; fileRef = 92089A68E63074CB0D1F37F0 /* PrivacyFilter.swift */; };
		A300DA72658211A394406306 /* SlotTextEditor.swift in Sources */ = {isa = PBXBuildFile; fileRef = 63EBD5B93DF37FCEC806B767 /* SlotTextEditor.swift */; };
		A39D3B6711EE67E93E75B13B /* TemplateTokenizer.swift in Sources */ = {isa = PBXBuildFile; fileRef = AF9EA9A2A54E9BCB2F9826A0 /* TemplateTokenizer.swift */; };
		A40B2010243CCB574BE3B48C /* SnippetsWindowController.swift in Sources */ = {isa = PBXBuildFile; fileRef = 7C4CC9B0FA3CD3794B0AA696 /* SnippetsWindowController.swift */; };
		B433220A31336A778484F422 /* MarkdownToMrkdwn.swift in Sources */ = {isa = PBXBuildFile; fileRef = E527020FC532A26691368189 /* MarkdownToMrkdwn.swift */; };
		B59AD80B9E0DC9FB863159A1 /* SensitivePatternDetectorTests.swift in Sources */ = {isa = PBXBuildFile; fileRef = 7886BA056243ED7F1BA2D9B7 /* SensitivePatternDetectorTests.swift */; };
		B678470D5931338748295BEE /* ClipboardRepositoryTests.swift in Sources */ = {isa = PBXBuildFile; fileRef = FA18A458AF8CBBB21B603550 /* ClipboardRepositoryTests.swift */; };
		B790160B7DAAC2FA787342DD /* StashApp.swift in Sources */ = {isa = PBXBuildFile; fileRef = 18DBCC4E2EF53EB5BDC7A134 /* StashApp.swift */; };
		C1528FCE7AAD4E0E94C8AF2F /* HistoryRow.swift in Sources */ = {isa = PBXBuildFile; fileRef = 9A26ABEEE03080834636E481 /* HistoryRow.swift */; };
		C32274AA58D6BFC7A5E6B36A /* CodePreviewWindow.swift in Sources */ = {isa = PBXBuildFile; fileRef = 6EFC0EFD4659D035A0F95426 /* CodePreviewWindow.swift */; };
		C37F48BD709E5B2DEAD25329 /* URLSchemeHandler.swift in Sources */ = {isa = PBXBuildFile; fileRef = 988935D391744CFE7896C509 /* URLSchemeHandler.swift */; };
		C5FC24CE5B38BC9607C6819B /* SettingsView.swift in Sources */ = {isa = PBXBuildFile; fileRef = 1AE5C896F4BC71C8FB12156A /* SettingsView.swift */; };
		CD869CED1E877818CEB58ACF /* SlotFileFormat.swift in Sources */ = {isa = PBXBuildFile; fileRef = 7192AF5BF6FC304A5528D856 /* SlotFileFormat.swift */; };
		CDB10FAFFE49281556195CB5 /* EncodingTransforms.swift in Sources */ = {isa = PBXBuildFile; fileRef = F812385F996F90D9EEB94660 /* EncodingTransforms.swift */; };
		D0E9F323A26B37426CCF0FDD /* ScreenshotService.swift in Sources */ = {isa = PBXBuildFile; fileRef = 1F41136CCE2CEA9CA7A471C9 /* ScreenshotService.swift */; };
		D5CDAC04CD7F56EC9DFB18E6 /* ClipboardRepository.swift in Sources */ = {isa = PBXBuildFile; fileRef = 8508571D6BC51E3FC6838495 /* ClipboardRepository.swift */; };
		D5D053CB4A9AE2164813CD36 /* ClipboardRecord.swift in Sources */ = {isa = PBXBuildFile; fileRef = A51A075AFD5E82D8840019A4 /* ClipboardRecord.swift */; };
		D71250177FF138321B636607 /* SmartPasteRulesTests.swift in Sources */ = {isa = PBXBuildFile; fileRef = 53B9A0F260819FF277254BBD /* SmartPasteRulesTests.swift */; };
		D84E450B373812DEE3C0DCCD /* VaultStore.swift in Sources */ = {isa = PBXBuildFile; fileRef = F883E80F40B84D7F3D34809F /* VaultStore.swift */; };
		E284D27D8B7C5F33746D3A29 /* KeywordSets.swift in Sources */ = {isa = PBXBuildFile; fileRef = 81153E0EA626F41B5C278BC1 /* KeywordSets.swift */; };
		E457EF7564A97AE213AEDB77 /* GRDBSnippetRepository.swift in Sources */ = {isa = PBXBuildFile; fileRef = D6534CFF45B4F97C94D9201A /* GRDBSnippetRepository.swift */; };
		E60301906099E55F6E47FE29 /* Migrations.swift in Sources */ = {isa = PBXBuildFile; fileRef = 33703B1C745EF55DF962EF7D /* Migrations.swift */; };
		E73D73C8AED08766036BB067 /* TerminalRule.swift in Sources */ = {isa = PBXBuildFile; fileRef = 4C5734F4A4116E1DAE015085 /* TerminalRule.swift */; };
		E953DAA5F73DA4A7F7A06C57 /* VaultItem.swift in Sources */ = {isa = PBXBuildFile; fileRef = 74A4A0F4BFE6C338A42553CF /* VaultItem.swift */; };
		E95E4A1A23676C6CDAD7E6E0 /* PromptSheet.swift in Sources */ = {isa = PBXBuildFile; fileRef = 589E52C155158A3B1A9B6DC7 /* PromptSheet.swift */; };
		EFE22B29D00D5A729F332A56 /* ClipboardItem.swift in Sources */ = {isa = PBXBuildFile; fileRef = 4E8EC46E0F5AB4F5AB40372C /* ClipboardItem.swift */; };
		F0E960BC395ED079ABDC63F0 /* HUDToast.swift in Sources */ = {isa = PBXBuildFile; fileRef = 96E0317CA1F57A189C340CBC /* HUDToast.swift */; };
		F0ED6A2219E7C9BBBC46705B /* SettingsWindowController.swift in Sources */ = {isa = PBXBuildFile; fileRef = EFCC69809700B972856F58BB /* SettingsWindowController.swift */; };
		F26E99C21BDAC0F91627B947 /* CaseTransforms.swift in Sources */ = {isa = PBXBuildFile; fileRef = 9A48E3DAAB4336DC77A745A8 /* CaseTransforms.swift */; };
		F740C0A0275FED568765BD9D /* DatabaseFactory.swift in Sources */ = {isa = PBXBuildFile; fileRef = 993DCB6DB21D8FD7738E1F4B /* DatabaseFactory.swift */; };
		FF436F5052A87D99037D944C /* GRDB in Frameworks */ = {isa = PBXBuildFile; productRef = FB9C642FACE47D52B338DBB9 /* GRDB */; };
		FFD314BDCC4666231B042D86 /* PasteEngine.swift in Sources */ = {isa = PBXBuildFile; fileRef = 8662C573E9EBDB4EFE925F34 /* PasteEngine.swift */; };
/* End PBXBuildFile section */

/* Begin PBXContainerItemProxy section */
		6D248C125A2D2CAC7F1942DD /* PBXContainerItemProxy */ = {
			isa = PBXContainerItemProxy;
			containerPortal = 033F29620E5209F5D0401DB9 /* Project object */;
			proxyType = 1;
			remoteGlobalIDString = 9FAC94805FFDB4939741D3EE;
			remoteInfo = Stash;
		};
/* End PBXContainerItemProxy section */

/* Begin PBXFileReference section */
		0316D9D8CB57924A01CD37A1 /* CapturedContent.swift */ = {isa = PBXFileReference; lastKnownFileType = sourcecode.swift; path = CapturedContent.swift; sourceTree = "<group>"; };
		04294A072CE6BAF936F5F409 /* TextTransform.swift */ = {isa = PBXFileReference; lastKnownFileType = sourcecode.swift; path = TextTransform.swift; sourceTree = "<group>"; };
		0A72FE4F2B5ED69E26AEE173 /* VaultView.swift */ = {isa = PBXFileReference; lastKnownFileType = sourcecode.swift; path = VaultView.swift; sourceTree = "<group>"; };
		0E497904385BCD9042611136 /* ClipboardPopoverView.swift */ = {isa = PBXFileReference; lastKnownFileType = sourcecode.swift; path = ClipboardPopoverView.swift; sourceTree = "<group>"; };
		11E4BCE5D9BA8F95DA839C2E /* OnboardingWindow.swift */ = {isa = PBXFileReference; lastKnownFileType = sourcecode.swift; path = OnboardingWindow.swift; sourceTree = "<group>"; };
		18DBCC4E2EF53EB5BDC7A134 /* StashApp.swift */ = {isa = PBXFileReference; lastKnownFileType = sourcecode.swift; path = StashApp.swift; sourceTree = "<group>"; };
		1AE5C896F4BC71C8FB12156A /* SettingsView.swift */ = {isa = PBXFileReference; lastKnownFileType = sourcecode.swift; path = SettingsView.swift; sourceTree = "<group>"; };
		1C626B09C784CD77FA8BCEDC /* TemplateRendererTests.swift */ = {isa = PBXFileReference; lastKnownFileType = sourcecode.swift; path = TemplateRendererTests.swift; sourceTree = "<group>"; };
		1CE477453A87105162B16A01 /* PinnedSlotsBar.swift */ = {isa = PBXFileReference; lastKnownFileType = sourcecode.swift; path = PinnedSlotsBar.swift; sourceTree = "<group>"; };
		1E372A2E9F530A3BEDB0C37E /* PasteboardReading.swift */ = {isa = PBXFileReference; lastKnownFileType = sourcecode.swift; path = PasteboardReading.swift; sourceTree = "<group>"; };
		1EC102F9BE53B39257783A3F /* SystemPasteboard.swift */ = {isa = PBXFileReference; lastKnownFileType = sourcecode.swift; path = SystemPasteboard.swift; sourceTree = "<group>"; };
		1F41136CCE2CEA9CA7A471C9 /* ScreenshotService.swift */ = {isa = PBXFileReference; lastKnownFileType = sourcecode.swift; path = ScreenshotService.swift; sourceTree = "<group>"; };
		23183B019E863DAB938191FA /* AccessibilityPermission.swift */ = {isa = PBXFileReference; lastKnownFileType = sourcecode.swift; path = AccessibilityPermission.swift; sourceTree = "<group>"; };
		29123AE648AD0A069D783F09 /* ExclusionList.swift */ = {isa = PBXFileReference; lastKnownFileType = sourcecode.swift; path = ExclusionList.swift; sourceTree = "<group>"; };
		2969B8AB6087BB0FE09EA714 /* SmartPasteRegistry.swift */ = {isa = PBXFileReference; lastKnownFileType = sourcecode.swift; path = SmartPasteRegistry.swift; sourceTree = "<group>"; };
		2BDC07C34BA293DF7A389662 /* PinnedFolderSync.swift */ = {isa = PBXFileReference; lastKnownFileType = sourcecode.swift; path = PinnedFolderSync.swift; sourceTree = "<group>"; };
		2D42AC31AF44C99DC2DAA1DD /* FolderWatcher.swift */ = {isa = PBXFileReference; lastKnownFileType = sourcecode.swift; path = FolderWatcher.swift; sourceTree = "<group>"; };
		2D603AFCB0F47EAEAB4C3298 /* SystemPasteEngine.swift */ = {isa = PBXFileReference; lastKnownFileType = sourcecode.swift; path = SystemPasteEngine.swift; sourceTree = "<group>"; };
		31CD83E8164CDD7A9D3622C3 /* SensitiveSweeper.swift */ = {isa = PBXFileReference; lastKnownFileType = sourcecode.swift; path = SensitiveSweeper.swift; sourceTree = "<group>"; };
		33703B1C745EF55DF962EF7D /* Migrations.swift */ = {isa = PBXFileReference; lastKnownFileType = sourcecode.swift; path = Migrations.swift; sourceTree = "<group>"; };
		37849297E84653AAA14FDC4D /* GRDBClipboardRepository.swift */ = {isa = PBXFileReference; lastKnownFileType = sourcecode.swift; path = GRDBClipboardRepository.swift; sourceTree = "<group>"; };
		3C6739624E867ACEF1457D5B /* SyntaxHighlighter.swift */ = {isa = PBXFileReference; lastKnownFileType = sourcecode.swift; path = SyntaxHighlighter.swift; sourceTree = "<group>"; };
		3C75E7C2E0A6751978FF6EC8 /* SnippetRepositoryTests.swift */ = {isa = PBXFileReference; lastKnownFileType = sourcecode.swift; path = SnippetRepositoryTests.swift; sourceTree = "<group>"; };
		417DE1FD211A82A9A4B74B3B /* SnippetRepository.swift */ = {isa = PBXFileReference; lastKnownFileType = sourcecode.swift; path = SnippetRepository.swift; sourceTree = "<group>"; };
		46989808F3B137FB3FAD7DE9 /* HotkeyCenter.swift */ = {isa = PBXFileReference; lastKnownFileType = sourcecode.swift; path = HotkeyCenter.swift; sourceTree = "<group>"; };
		496BD1A8DA53BEFC34AE1952 /* InMemoryDatabase.swift */ = {isa = PBXFileReference; lastKnownFileType = sourcecode.swift; path = InMemoryDatabase.swift; sourceTree = "<group>"; };
		4C5734F4A4116E1DAE015085 /* TerminalRule.swift */ = {isa = PBXFileReference; lastKnownFileType = sourcecode.swift; path = TerminalRule.swift; sourceTree = "<group>"; };
		4E22FEA75893EB9D1D11A02F /* Stash.entitlements */ = {isa = PBXFileReference; lastKnownFileType = text.plist.entitlements; path = Stash.entitlements; sourceTree = "<group>"; };
		4E8EC46E0F5AB4F5AB40372C /* ClipboardItem.swift */ = {isa = PBXFileReference; lastKnownFileType = sourcecode.swift; path = ClipboardItem.swift; sourceTree = "<group>"; };
		4F3DA0B8DFF3B788776AB1DD /* ClipboardWatcher.swift */ = {isa = PBXFileReference; lastKnownFileType = sourcecode.swift; path = ClipboardWatcher.swift; sourceTree = "<group>"; };
		53B9A0F260819FF277254BBD /* SmartPasteRulesTests.swift */ = {isa = PBXFileReference; lastKnownFileType = sourcecode.swift; path = SmartPasteRulesTests.swift; sourceTree = "<group>"; };
		55C0250B3166C9BC61D2E8C9 /* LanguageDetector.swift */ = {isa = PBXFileReference; lastKnownFileType = sourcecode.swift; path = LanguageDetector.swift; sourceTree = "<group>"; };
		589E52C155158A3B1A9B6DC7 /* PromptSheet.swift */ = {isa = PBXFileReference; lastKnownFileType = sourcecode.swift; path = PromptSheet.swift; sourceTree = "<group>"; };
		596D3F062BA5A9EACFFCC26F /* FuzzyScorerTests.swift */ = {isa = PBXFileReference; lastKnownFileType = sourcecode.swift; path = FuzzyScorerTests.swift; sourceTree = "<group>"; };
		5D018472FF3420AABC75E477 /* CodeEditorRule.swift */ = {isa = PBXFileReference; lastKnownFileType = sourcecode.swift; path = CodeEditorRule.swift; sourceTree = "<group>"; };
		5F95328CF221ECAB2355D169 /* PrivacyModeState.swift */ = {isa = PBXFileReference; lastKnownFileType = sourcecode.swift; path = PrivacyModeState.swift; sourceTree = "<group>"; };
		63EBD5B93DF37FCEC806B767 /* SlotTextEditor.swift */ = {isa = PBXFileReference; lastKnownFileType = sourcecode.swift; path = SlotTextEditor.swift; sourceTree = "<group>"; };
		6EFC0EFD4659D035A0F95426 /* CodePreviewWindow.swift */ = {isa = PBXFileReference; lastKnownFileType = sourcecode.swift; path = CodePreviewWindow.swift; sourceTree = "<group>"; };
		7192AF5BF6FC304A5528D856 /* SlotFileFormat.swift */ = {isa = PBXFileReference; lastKnownFileType = sourcecode.swift; path = SlotFileFormat.swift; sourceTree = "<group>"; };
		745A9ACE86FCA546A9FF5F5A /* FormatTransforms.swift */ = {isa = PBXFileReference; lastKnownFileType = sourcecode.swift; path = FormatTransforms.swift; sourceTree = "<group>"; };
		74A4A0F4BFE6C338A42553CF /* VaultItem.swift */ = {isa = PBXFileReference; lastKnownFileType = sourcecode.swift; path = VaultItem.swift; sourceTree = "<group>"; };
		7561751A5B97C24071D7239B /* HotkeyAction.swift */ = {isa = PBXFileReference; lastKnownFileType = sourcecode.swift; path = HotkeyAction.swift; sourceTree = "<group>"; };
		7886BA056243ED7F1BA2D9B7 /* SensitivePatternDetectorTests.swift */ = {isa = PBXFileReference; lastKnownFileType = sourcecode.swift; path = SensitivePatternDetectorTests.swift; sourceTree = "<group>"; };
		7C03034DF72F832427B706AD /* URLSchemeHandlerTests.swift */ = {isa = PBXFileReference; lastKnownFileType = sourcecode.swift; path = URLSchemeHandlerTests.swift; sourceTree = "<group>"; };
		7C4CC9B0FA3CD3794B0AA696 /* SnippetsWindowController.swift */ = {isa = PBXFileReference; lastKnownFileType = sourcecode.swift; path = SnippetsWindowController.swift; sourceTree = "<group>"; };
		7D07B1219BD00D57DF8FDFE7 /* LanguageDetectorTests.swift */ = {isa = PBXFileReference; lastKnownFileType = sourcecode.swift; path = LanguageDetectorTests.swift; sourceTree = "<group>"; };
		81153E0EA626F41B5C278BC1 /* KeywordSets.swift */ = {isa = PBXFileReference; lastKnownFileType = sourcecode.swift; path = KeywordSets.swift; sourceTree = "<group>"; };
		8360208E782601DF73B7AB20 /* AnsiStripper.swift */ = {isa = PBXFileReference; lastKnownFileType = sourcecode.swift; path = AnsiStripper.swift; sourceTree = "<group>"; };
		8508571D6BC51E3FC6838495 /* ClipboardRepository.swift */ = {isa = PBXFileReference; lastKnownFileType = sourcecode.swift; path = ClipboardRepository.swift; sourceTree = "<group>"; };
		8662C573E9EBDB4EFE925F34 /* PasteEngine.swift */ = {isa = PBXFileReference; lastKnownFileType = sourcecode.swift; path = PasteEngine.swift; sourceTree = "<group>"; };
		86FD3B9E3D4A6F32EE816D11 /* MenuBarController.swift */ = {isa = PBXFileReference; lastKnownFileType = sourcecode.swift; path = MenuBarController.swift; sourceTree = "<group>"; };
		884F4C6655A5D075CE53771B /* TemplateRenderer.swift */ = {isa = PBXFileReference; lastKnownFileType = sourcecode.swift; path = TemplateRenderer.swift; sourceTree = "<group>"; };
		896C7A726491A9596AB20640 /* KeychainVault.swift */ = {isa = PBXFileReference; lastKnownFileType = sourcecode.swift; path = KeychainVault.swift; sourceTree = "<group>"; };
		89E004F63FE4C3019E846F01 /* UniformDedent.swift */ = {isa = PBXFileReference; lastKnownFileType = sourcecode.swift; path = UniformDedent.swift; sourceTree = "<group>"; };
		8BE55E16A01018F12B859E72 /* AccessibilityPrompt.swift */ = {isa = PBXFileReference; lastKnownFileType = sourcecode.swift; path = AccessibilityPrompt.swift; sourceTree = "<group>"; };
		92089A68E63074CB0D1F37F0 /* PrivacyFilter.swift */ = {isa = PBXFileReference; lastKnownFileType = sourcecode.swift; path = PrivacyFilter.swift; sourceTree = "<group>"; };
		96E0317CA1F57A189C340CBC /* HUDToast.swift */ = {isa = PBXFileReference; lastKnownFileType = sourcecode.swift; path = HUDToast.swift; sourceTree = "<group>"; };
		979A5F1DF14EF606C3B62FD0 /* DragPayload.swift */ = {isa = PBXFileReference; lastKnownFileType = sourcecode.swift; path = DragPayload.swift; sourceTree = "<group>"; };
		98037F8602F016CBA777C342 /* AppDelegate.swift */ = {isa = PBXFileReference; lastKnownFileType = sourcecode.swift; path = AppDelegate.swift; sourceTree = "<group>"; };
		988935D391744CFE7896C509 /* URLSchemeHandler.swift */ = {isa = PBXFileReference; lastKnownFileType = sourcecode.swift; path = URLSchemeHandler.swift; sourceTree = "<group>"; };
		993DCB6DB21D8FD7738E1F4B /* DatabaseFactory.swift */ = {isa = PBXFileReference; lastKnownFileType = sourcecode.swift; path = DatabaseFactory.swift; sourceTree = "<group>"; };
		9A26ABEEE03080834636E481 /* HistoryRow.swift */ = {isa = PBXFileReference; lastKnownFileType = sourcecode.swift; path = HistoryRow.swift; sourceTree = "<group>"; };
		9A48E3DAAB4336DC77A745A8 /* CaseTransforms.swift */ = {isa = PBXFileReference; lastKnownFileType = sourcecode.swift; path = CaseTransforms.swift; sourceTree = "<group>"; };
		9CEF41F4AC41A4299C4E9CBA /* SlackRule.swift */ = {isa = PBXFileReference; lastKnownFileType = sourcecode.swift; path = SlackRule.swift; sourceTree = "<group>"; };
		A04AC9EB4550A413CF57CE4D /* SlotFileFormatTests.swift */ = {isa = PBXFileReference; lastKnownFileType = sourcecode.swift; path = SlotFileFormatTests.swift; sourceTree = "<group>"; };
		A0FF9ED5D88238C21A74A74B /* Language.swift */ = {isa = PBXFileReference; lastKnownFileType = sourcecode.swift; path = Language.swift; sourceTree = "<group>"; };
		A51A075AFD5E82D8840019A4 /* ClipboardRecord.swift */ = {isa = PBXFileReference; lastKnownFileType = sourcecode.swift; path = ClipboardRecord.swift; sourceTree = "<group>"; };
		A6B731BEECFCFC2ABF62A216 /* StorageSettings.swift */ = {isa = PBXFileReference; lastKnownFileType = sourcecode.swift; path = StorageSettings.swift; sourceTree = "<group>"; };
		A954D1E2122D96AA1BE96F41 /* Snippet.swift */ = {isa = PBXFileReference; lastKnownFileType = sourcecode.swift; path = Snippet.swift; sourceTree = "<group>"; };
		A95939741A2649A153A3DFAB /* TemplateEditor.swift */ = {isa = PBXFileReference; lastKnownFileType = sourcecode.swift; path = TemplateEditor.swift; sourceTree = "<group>"; };
		AA21B7CE0F47D615FABB1DDA /* ContentHasher.swift */ = {isa = PBXFileReference; lastKnownFileType = sourcecode.swift; path = ContentHasher.swift; sourceTree = "<group>"; };
		ACA00CDD8949E2E43B654B7B /* VaultNotifications.swift */ = {isa = PBXFileReference; lastKnownFileType = sourcecode.swift; path = VaultNotifications.swift; sourceTree = "<group>"; };
		AF9EA9A2A54E9BCB2F9826A0 /* TemplateTokenizer.swift */ = {isa = PBXFileReference; lastKnownFileType = sourcecode.swift; path = TemplateTokenizer.swift; sourceTree = "<group>"; };
		B0553447F301994707851C31 /* StashTests.xctest */ = {isa = PBXFileReference; explicitFileType = wrapper.cfbundle; includeInIndex = 0; path = StashTests.xctest; sourceTree = BUILT_PRODUCTS_DIR; };
		B77B1C09C0D37B09C1B9EECF /* SnippetRecord.swift */ = {isa = PBXFileReference; lastKnownFileType = sourcecode.swift; path = SnippetRecord.swift; sourceTree = "<group>"; };
		B9DFED243F141ADC68AB1D93 /* OCRService.swift */ = {isa = PBXFileReference; lastKnownFileType = sourcecode.swift; path = OCRService.swift; sourceTree = "<group>"; };
		BCD07998F3F68EEAA94C5A44 /* PromptVariablesTests.swift */ = {isa = PBXFileReference; lastKnownFileType = sourcecode.swift; path = PromptVariablesTests.swift; sourceTree = "<group>"; };
		C17B446835F232BEC5F8F161 /* SnippetStore.swift */ = {isa = PBXFileReference; lastKnownFileType = sourcecode.swift; path = SnippetStore.swift; sourceTree = "<group>"; };
		D14DAD60C550A4C0671F3D94 /* VaultWindowController.swift */ = {isa = PBXFileReference; lastKnownFileType = sourcecode.swift; path = VaultWindowController.swift; sourceTree = "<group>"; };
		D23D9A47F1CFAF12B4D7DDD0 /* FuzzyScorer.swift */ = {isa = PBXFileReference; lastKnownFileType = sourcecode.swift; path = FuzzyScorer.swift; sourceTree = "<group>"; };
		D3024B646636FDD54E19710E /* Info.plist */ = {isa = PBXFileReference; lastKnownFileType = text.plist; path = Info.plist; sourceTree = "<group>"; };
		D34DAB75E8F455B7E51267A3 /* TemplateTokenizerTests.swift */ = {isa = PBXFileReference; lastKnownFileType = sourcecode.swift; path = TemplateTokenizerTests.swift; sourceTree = "<group>"; };
		D43972CEF5A95C95EF121A04 /* PopoverKeyMonitor.swift */ = {isa = PBXFileReference; lastKnownFileType = sourcecode.swift; path = PopoverKeyMonitor.swift; sourceTree = "<group>"; };
		D6534CFF45B4F97C94D9201A /* GRDBSnippetRepository.swift */ = {isa = PBXFileReference; lastKnownFileType = sourcecode.swift; path = GRDBSnippetRepository.swift; sourceTree = "<group>"; };
		E474A49C7F9D98D7020B17A6 /* PrivacyFilterTests.swift */ = {isa = PBXFileReference; lastKnownFileType = sourcecode.swift; path = PrivacyFilterTests.swift; sourceTree = "<group>"; };
		E527020FC532A26691368189 /* MarkdownToMrkdwn.swift */ = {isa = PBXFileReference; lastKnownFileType = sourcecode.swift; path = MarkdownToMrkdwn.swift; sourceTree = "<group>"; };
		E80E0CA1B4ADFC3287C53EAF /* SnippetsView.swift */ = {isa = PBXFileReference; lastKnownFileType = sourcecode.swift; path = SnippetsView.swift; sourceTree = "<group>"; };
		E8F246BE6A5BE332BD9D51E6 /* TextTransformTests.swift */ = {isa = PBXFileReference; lastKnownFileType = sourcecode.swift; path = TextTransformTests.swift; sourceTree = "<group>"; };
		EA2BA998BD1573FD6CA84843 /* ClipboardStore.swift */ = {isa = PBXFileReference; lastKnownFileType = sourcecode.swift; path = ClipboardStore.swift; sourceTree = "<group>"; };
		EFCC69809700B972856F58BB /* SettingsWindowController.swift */ = {isa = PBXFileReference; lastKnownFileType = sourcecode.swift; path = SettingsWindowController.swift; sourceTree = "<group>"; };
		F1EB97A7BA1C03229FB3FC04 /* HashTransforms.swift */ = {isa = PBXFileReference; lastKnownFileType = sourcecode.swift; path = HashTransforms.swift; sourceTree = "<group>"; };
		F812385F996F90D9EEB94660 /* EncodingTransforms.swift */ = {isa = PBXFileReference; lastKnownFileType = sourcecode.swift; path = EncodingTransforms.swift; sourceTree = "<group>"; };
		F883E80F40B84D7F3D34809F /* VaultStore.swift */ = {isa = PBXFileReference; lastKnownFileType = sourcecode.swift; path = VaultStore.swift; sourceTree = "<group>"; };
		FA18A458AF8CBBB21B603550 /* ClipboardRepositoryTests.swift */ = {isa = PBXFileReference; lastKnownFileType = sourcecode.swift; path = ClipboardRepositoryTests.swift; sourceTree = "<group>"; };
		FA927242BB3184DBE02E791A /* SensitivePatternDetector.swift */ = {isa = PBXFileReference; lastKnownFileType = sourcecode.swift; path = SensitivePatternDetector.swift; sourceTree = "<group>"; };
		FD5069EF1E0F1C5216511CE8 /* SmartPasteRule.swift */ = {isa = PBXFileReference; lastKnownFileType = sourcecode.swift; path = SmartPasteRule.swift; sourceTree = "<group>"; };
		FDC7A70B52D14489C1440512 /* VaultMetadataStore.swift */ = {isa = PBXFileReference; lastKnownFileType = sourcecode.swift; path = VaultMetadataStore.swift; sourceTree = "<group>"; };
		FF2AED5E66FAB2122C8437E2 /* Stash.app */ = {isa = PBXFileReference; explicitFileType = wrapper.application; includeInIndex = 0; path = Stash.app; sourceTree = BUILT_PRODUCTS_DIR; };
/* End PBXFileReference section */

/* Begin PBXFrameworksBuildPhase section */
		97EADDFE94C633D455420B29 /* Frameworks */ = {
			isa = PBXFrameworksBuildPhase;
			buildActionMask = 2147483647;
			files = (
				FF436F5052A87D99037D944C /* GRDB in Frameworks */,
				365C683A0E55DD701874AB7E /* HotKey in Frameworks */,
			);
			runOnlyForDeploymentPostprocessing = 0;
		};
		CC866D2A042A15990770B20E /* Frameworks */ = {
			isa = PBXFrameworksBuildPhase;
			buildActionMask = 2147483647;
			files = (
				4FA16D08C43CFDCE142EB04B /* GRDB in Frameworks */,
			);
			runOnlyForDeploymentPostprocessing = 0;
		};
/* End PBXFrameworksBuildPhase section */

/* Begin PBXGroup section */
		0D07FA1BDCA6E6F87B3F527F /* Preview */ = {
			isa = PBXGroup;
			children = (
				6EFC0EFD4659D035A0F95426 /* CodePreviewWindow.swift */,
			);
			path = Preview;
			sourceTree = "<group>";
		};
		0F3BD7150492D94F94F443B4 /* Transforms */ = {
			isa = PBXGroup;
			children = (
				9A48E3DAAB4336DC77A745A8 /* CaseTransforms.swift */,
				F812385F996F90D9EEB94660 /* EncodingTransforms.swift */,
				745A9ACE86FCA546A9FF5F5A /* FormatTransforms.swift */,
				F1EB97A7BA1C03229FB3FC04 /* HashTransforms.swift */,
				04294A072CE6BAF936F5F409 /* TextTransform.swift */,
			);
			path = Transforms;
			sourceTree = "<group>";
		};
		15E0F3498E19EEBB0DFE8472 /* Storage */ = {
			isa = PBXGroup;
			children = (
				A51A075AFD5E82D8840019A4 /* ClipboardRecord.swift */,
				993DCB6DB21D8FD7738E1F4B /* DatabaseFactory.swift */,
				37849297E84653AAA14FDC4D /* GRDBClipboardRepository.swift */,
				D6534CFF45B4F97C94D9201A /* GRDBSnippetRepository.swift */,
				33703B1C745EF55DF962EF7D /* Migrations.swift */,
				B77B1C09C0D37B09C1B9EECF /* SnippetRecord.swift */,
			);
			path = Storage;
			sourceTree = "<group>";
		};
		1B737CED828D5F3BF0FAEFC9 /* HUD */ = {
			isa = PBXGroup;
			children = (
				96E0317CA1F57A189C340CBC /* HUDToast.swift */,
			);
			path = HUD;
			sourceTree = "<group>";
		};
		1D00DB5AFD647D40052C09A7 /* Paste */ = {
			isa = PBXGroup;
			children = (
				2D603AFCB0F47EAEAB4C3298 /* SystemPasteEngine.swift */,
			);
			path = Paste;
			sourceTree = "<group>";
		};
		22E5CCC3596340D277183E6B /* Products */ = {
			isa = PBXGroup;
			children = (
				FF2AED5E66FAB2122C8437E2 /* Stash.app */,
				B0553447F301994707851C31 /* StashTests.xctest */,
			);
			name = Products;
			sourceTree = "<group>";
		};
		25B90236671EF3B207B601F6 /* SmartPaste */ = {
			isa = PBXGroup;
			children = (
				5D018472FF3420AABC75E477 /* CodeEditorRule.swift */,
				9CEF41F4AC41A4299C4E9CBA /* SlackRule.swift */,
				2969B8AB6087BB0FE09EA714 /* SmartPasteRegistry.swift */,
				FD5069EF1E0F1C5216511CE8 /* SmartPasteRule.swift */,
				4C5734F4A4116E1DAE015085 /* TerminalRule.swift */,
			);
			path = SmartPaste;
			sourceTree = "<group>";
		};
		2B6C4FCBCAA642A130FFC99A /* Sync */ = {
			isa = PBXGroup;
			children = (
				2D42AC31AF44C99DC2DAA1DD /* FolderWatcher.swift */,
				2BDC07C34BA293DF7A389662 /* PinnedFolderSync.swift */,
				7192AF5BF6FC304A5528D856 /* SlotFileFormat.swift */,
			);
			path = Sync;
			sourceTree = "<group>";
		};
		2E868B022857CCB281365307 /* Settings */ = {
			isa = PBXGroup;
			children = (
				1AE5C896F4BC71C8FB12156A /* SettingsView.swift */,
				EFCC69809700B972856F58BB /* SettingsWindowController.swift */,
			);
			path = Settings;
			sourceTree = "<group>";
		};
		3557797DEC85FFD64EBE0165 /* Screenshot */ = {
			isa = PBXGroup;
			children = (
				1F41136CCE2CEA9CA7A471C9 /* ScreenshotService.swift */,
			);
			path = Screenshot;
			sourceTree = "<group>";
		};
		3882CD9E441306002BF13144 = {
			isa = PBXGroup;
			children = (
				C4C0CBBA2BDF41FDCA7DE4C5 /* Stash */,
				FA0DB58DA61AF4667E4E88E2 /* StashTests */,
				22E5CCC3596340D277183E6B /* Products */,
			);
			sourceTree = "<group>";
		};
		44F060D392BD69D709C0B500 /* Templates */ = {
			isa = PBXGroup;
			children = (
				589E52C155158A3B1A9B6DC7 /* PromptSheet.swift */,
				A95939741A2649A153A3DFAB /* TemplateEditor.swift */,
			);
			path = Templates;
			sourceTree = "<group>";
		};
		4A3EDC7FC29096B96442B630 /* MenuBar */ = {
			isa = PBXGroup;
			children = (
				86FD3B9E3D4A6F32EE816D11 /* MenuBarController.swift */,
			);
			path = MenuBar;
			sourceTree = "<group>";
		};
		4FB32337B3FA5A89D7C4D488 /* Onboarding */ = {
			isa = PBXGroup;
			children = (
				11E4BCE5D9BA8F95DA839C2E /* OnboardingWindow.swift */,
			);
			path = Onboarding;
			sourceTree = "<group>";
		};
		51BC05EFCD653A8639336FBC /* Snippets */ = {
			isa = PBXGroup;
			children = (
				E80E0CA1B4ADFC3287C53EAF /* SnippetsView.swift */,
				7C4CC9B0FA3CD3794B0AA696 /* SnippetsWindowController.swift */,
			);
			path = Snippets;
			sourceTree = "<group>";
		};
		6F94C99EA0D685D39F930DEB /* Hotkeys */ = {
			isa = PBXGroup;
			children = (
				46989808F3B137FB3FAD7DE9 /* HotkeyCenter.swift */,
			);
			path = Hotkeys;
			sourceTree = "<group>";
		};
		7D0107F32E91D78DF931F23E /* Popover */ = {
			isa = PBXGroup;
			children = (
				0E497904385BCD9042611136 /* ClipboardPopoverView.swift */,
				9A26ABEEE03080834636E481 /* HistoryRow.swift */,
				1CE477453A87105162B16A01 /* PinnedSlotsBar.swift */,
				D43972CEF5A95C95EF121A04 /* PopoverKeyMonitor.swift */,
				63EBD5B93DF37FCEC806B767 /* SlotTextEditor.swift */,
			);
			path = Popover;
			sourceTree = "<group>";
		};
		8D30BDD22B856B0E0FA45C35 /* Syntax */ = {
			isa = PBXGroup;
			children = (
				81153E0EA626F41B5C278BC1 /* KeywordSets.swift */,
				A0FF9ED5D88238C21A74A74B /* Language.swift */,
				55C0250B3166C9BC61D2E8C9 /* LanguageDetector.swift */,
				3C6739624E867ACEF1457D5B /* SyntaxHighlighter.swift */,
			);
			path = Syntax;
			sourceTree = "<group>";
		};
		95A1EF3639E4A0EEF9393CBA /* Presentation */ = {
			isa = PBXGroup;
			children = (
				1B737CED828D5F3BF0FAEFC9 /* HUD */,
				4A3EDC7FC29096B96442B630 /* MenuBar */,
				4FB32337B3FA5A89D7C4D488 /* Onboarding */,
				7D0107F32E91D78DF931F23E /* Popover */,
				0D07FA1BDCA6E6F87B3F527F /* Preview */,
				2E868B022857CCB281365307 /* Settings */,
				51BC05EFCD653A8639336FBC /* Snippets */,
				44F060D392BD69D709C0B500 /* Templates */,
				C313EC6D82CFB88998BCCBA2 /* Vault */,
			);
			path = Presentation;
			sourceTree = "<group>";
		};
		99110A30565CB59F3DC44AA6 /* OCR */ = {
			isa = PBXGroup;
			children = (
				B9DFED243F141ADC68AB1D93 /* OCRService.swift */,
			);
			path = OCR;
			sourceTree = "<group>";
		};
		A1F6C35DE0FDDFCB0C3CA568 /* Application */ = {
			isa = PBXGroup;
			children = (
				25B90236671EF3B207B601F6 /* SmartPaste */,
				98037F8602F016CBA777C342 /* AppDelegate.swift */,
				8508571D6BC51E3FC6838495 /* ClipboardRepository.swift */,
				EA2BA998BD1573FD6CA84843 /* ClipboardStore.swift */,
				29123AE648AD0A069D783F09 /* ExclusionList.swift */,
				7561751A5B97C24071D7239B /* HotkeyAction.swift */,
				8662C573E9EBDB4EFE925F34 /* PasteEngine.swift */,
				5F95328CF221ECAB2355D169 /* PrivacyModeState.swift */,
				417DE1FD211A82A9A4B74B3B /* SnippetRepository.swift */,
				C17B446835F232BEC5F8F161 /* SnippetStore.swift */,
				988935D391744CFE7896C509 /* URLSchemeHandler.swift */,
				ACA00CDD8949E2E43B654B7B /* VaultNotifications.swift */,
				F883E80F40B84D7F3D34809F /* VaultStore.swift */,
			);
			path = Application;
			sourceTree = "<group>";
		};
		AC2609419744A22B56F74D85 /* Vault */ = {
			isa = PBXGroup;
			children = (
				896C7A726491A9596AB20640 /* KeychainVault.swift */,
				FDC7A70B52D14489C1440512 /* VaultMetadataStore.swift */,
			);
			path = Vault;
			sourceTree = "<group>";
		};
		ADAD4A35F9CB306D09566EF6 /* Sensitive */ = {
			isa = PBXGroup;
			children = (
				31CD83E8164CDD7A9D3622C3 /* SensitiveSweeper.swift */,
			);
			path = Sensitive;
			sourceTree = "<group>";
		};
		BCE4E3444314B4D533E55DAE /* Resources */ = {
			isa = PBXGroup;
			children = (
				D3024B646636FDD54E19710E /* Info.plist */,
				4E22FEA75893EB9D1D11A02F /* Stash.entitlements */,
			);
			path = Resources;
			sourceTree = "<group>";
		};
		C313EC6D82CFB88998BCCBA2 /* Vault */ = {
			isa = PBXGroup;
			children = (
				0A72FE4F2B5ED69E26AEE173 /* VaultView.swift */,
				D14DAD60C550A4C0671F3D94 /* VaultWindowController.swift */,
			);
			path = Vault;
			sourceTree = "<group>";
		};
		C4C0CBBA2BDF41FDCA7DE4C5 /* Stash */ = {
			isa = PBXGroup;
			children = (
				A1F6C35DE0FDDFCB0C3CA568 /* Application */,
				D40183D5FBAB5BA8F2FF4179 /* Domain */,
				E8E937913E20595F02521455 /* Infrastructure */,
				95A1EF3639E4A0EEF9393CBA /* Presentation */,
				BCE4E3444314B4D533E55DAE /* Resources */,
				18DBCC4E2EF53EB5BDC7A134 /* StashApp.swift */,
			);
			path = Stash;
			sourceTree = "<group>";
		};
		D2654F810B5878D88BB8006F /* SmartPaste */ = {
			isa = PBXGroup;
			children = (
				8360208E782601DF73B7AB20 /* AnsiStripper.swift */,
				E527020FC532A26691368189 /* MarkdownToMrkdwn.swift */,
				89E004F63FE4C3019E846F01 /* UniformDedent.swift */,
			);
			path = SmartPaste;
			sourceTree = "<group>";
		};
		D40183D5FBAB5BA8F2FF4179 /* Domain */ = {
			isa = PBXGroup;
			children = (
				D2654F810B5878D88BB8006F /* SmartPaste */,
				8D30BDD22B856B0E0FA45C35 /* Syntax */,
				0F3BD7150492D94F94F443B4 /* Transforms */,
				0316D9D8CB57924A01CD37A1 /* CapturedContent.swift */,
				4E8EC46E0F5AB4F5AB40372C /* ClipboardItem.swift */,
				AA21B7CE0F47D615FABB1DDA /* ContentHasher.swift */,
				979A5F1DF14EF606C3B62FD0 /* DragPayload.swift */,
				D23D9A47F1CFAF12B4D7DDD0 /* FuzzyScorer.swift */,
				92089A68E63074CB0D1F37F0 /* PrivacyFilter.swift */,
				FA927242BB3184DBE02E791A /* SensitivePatternDetector.swift */,
				A954D1E2122D96AA1BE96F41 /* Snippet.swift */,
				A6B731BEECFCFC2ABF62A216 /* StorageSettings.swift */,
				884F4C6655A5D075CE53771B /* TemplateRenderer.swift */,
				AF9EA9A2A54E9BCB2F9826A0 /* TemplateTokenizer.swift */,
				74A4A0F4BFE6C338A42553CF /* VaultItem.swift */,
			);
			path = Domain;
			sourceTree = "<group>";
		};
		E44AF17C68784C45C4F0CEE6 /* Capture */ = {
			isa = PBXGroup;
			children = (
				4F3DA0B8DFF3B788776AB1DD /* ClipboardWatcher.swift */,
				1E372A2E9F530A3BEDB0C37E /* PasteboardReading.swift */,
				1EC102F9BE53B39257783A3F /* SystemPasteboard.swift */,
			);
			path = Capture;
			sourceTree = "<group>";
		};
		E8E937913E20595F02521455 /* Infrastructure */ = {
			isa = PBXGroup;
			children = (
				E44AF17C68784C45C4F0CEE6 /* Capture */,
				6F94C99EA0D685D39F930DEB /* Hotkeys */,
				99110A30565CB59F3DC44AA6 /* OCR */,
				1D00DB5AFD647D40052C09A7 /* Paste */,
				E9BF53D08733DF67BE4D9766 /* Permissions */,
				3557797DEC85FFD64EBE0165 /* Screenshot */,
				ADAD4A35F9CB306D09566EF6 /* Sensitive */,
				15E0F3498E19EEBB0DFE8472 /* Storage */,
				2B6C4FCBCAA642A130FFC99A /* Sync */,
				AC2609419744A22B56F74D85 /* Vault */,
			);
			path = Infrastructure;
			sourceTree = "<group>";
		};
		E9BF53D08733DF67BE4D9766 /* Permissions */ = {
			isa = PBXGroup;
			children = (
				23183B019E863DAB938191FA /* AccessibilityPermission.swift */,
				8BE55E16A01018F12B859E72 /* AccessibilityPrompt.swift */,
			);
			path = Permissions;
			sourceTree = "<group>";
		};
		FA0DB58DA61AF4667E4E88E2 /* StashTests */ = {
			isa = PBXGroup;
			children = (
				FA18A458AF8CBBB21B603550 /* ClipboardRepositoryTests.swift */,
				596D3F062BA5A9EACFFCC26F /* FuzzyScorerTests.swift */,
				496BD1A8DA53BEFC34AE1952 /* InMemoryDatabase.swift */,
				7D07B1219BD00D57DF8FDFE7 /* LanguageDetectorTests.swift */,
				E474A49C7F9D98D7020B17A6 /* PrivacyFilterTests.swift */,
				BCD07998F3F68EEAA94C5A44 /* PromptVariablesTests.swift */,
				7886BA056243ED7F1BA2D9B7 /* SensitivePatternDetectorTests.swift */,
				A04AC9EB4550A413CF57CE4D /* SlotFileFormatTests.swift */,
				53B9A0F260819FF277254BBD /* SmartPasteRulesTests.swift */,
				3C75E7C2E0A6751978FF6EC8 /* SnippetRepositoryTests.swift */,
				1C626B09C784CD77FA8BCEDC /* TemplateRendererTests.swift */,
				D34DAB75E8F455B7E51267A3 /* TemplateTokenizerTests.swift */,
				E8F246BE6A5BE332BD9D51E6 /* TextTransformTests.swift */,
				7C03034DF72F832427B706AD /* URLSchemeHandlerTests.swift */,
			);
			path = StashTests;
			sourceTree = "<group>";
		};
/* End PBXGroup section */

/* Begin PBXNativeTarget section */
		6BD7EF5D7574098C82FF9A8D /* StashTests */ = {
			isa = PBXNativeTarget;
			buildConfigurationList = 54FA2A1BB95A81A0AD1050F0 /* Build configuration list for PBXNativeTarget "StashTests" */;
			buildPhases = (
				A2549831AFCA4CDB8D81A9F2 /* Sources */,
				CC866D2A042A15990770B20E /* Frameworks */,
			);
			buildRules = (
			);
			dependencies = (
				543663EB4D02A2D8CE843E39 /* PBXTargetDependency */,
			);
			name = StashTests;
			packageProductDependencies = (
				22761CE670CBD659A7821DBA /* GRDB */,
			);
			productName = StashTests;
			productReference = B0553447F301994707851C31 /* StashTests.xctest */;
			productType = "com.apple.product-type.bundle.unit-test";
		};
		9FAC94805FFDB4939741D3EE /* Stash */ = {
			isa = PBXNativeTarget;
			buildConfigurationList = 78E94BD0C76520D4ECE354DA /* Build configuration list for PBXNativeTarget "Stash" */;
			buildPhases = (
				6C13513CC4C46FC36B1B1B62 /* Sources */,
				97EADDFE94C633D455420B29 /* Frameworks */,
			);
			buildRules = (
			);
			dependencies = (
			);
			name = Stash;
			packageProductDependencies = (
				FB9C642FACE47D52B338DBB9 /* GRDB */,
				CC88CEB6873CC813F7D74CD1 /* HotKey */,
			);
			productName = Stash;
			productReference = FF2AED5E66FAB2122C8437E2 /* Stash.app */;
			productType = "com.apple.product-type.application";
		};
/* End PBXNativeTarget section */

/* Begin PBXProject section */
		033F29620E5209F5D0401DB9 /* Project object */ = {
			isa = PBXProject;
			attributes = {
				BuildIndependentTargetsInParallel = YES;
				LastUpgradeCheck = 1430;
				TargetAttributes = {
					9FAC94805FFDB4939741D3EE = {
						DevelopmentTeam = "";
						ProvisioningStyle = Manual;
					};
				};
			};
			buildConfigurationList = 8036E9899E16BB9F128645CD /* Build configuration list for PBXProject "Stash" */;
			developmentRegion = en;
			hasScannedForEncodings = 0;
			knownRegions = (
				Base,
				en,
			);
			mainGroup = 3882CD9E441306002BF13144;
			minimizedProjectReferenceProxies = 1;
			packageReferences = (
				DFEA063D21F64A5FFEA048C4 /* XCRemoteSwiftPackageReference "GRDB.swift" */,
				05C9A2FF394CA63B91F6D70B /* XCRemoteSwiftPackageReference "HotKey" */,
			);
			preferredProjectObjectVersion = 77;
			productRefGroup = 22E5CCC3596340D277183E6B /* Products */;
			projectDirPath = "";
			projectRoot = "";
			targets = (
				9FAC94805FFDB4939741D3EE /* Stash */,
				6BD7EF5D7574098C82FF9A8D /* StashTests */,
			);
		};
/* End PBXProject section */

/* Begin PBXSourcesBuildPhase section */
		6C13513CC4C46FC36B1B1B62 /* Sources */ = {
			isa = PBXSourcesBuildPhase;
			buildActionMask = 2147483647;
			files = (
				81CC71F9122EF736B420C467 /* AccessibilityPermission.swift in Sources */,
				9DB3B1EAE11971F75A836C15 /* AccessibilityPrompt.swift in Sources */,
				9916AB7F52D28D33CA9A3749 /* AnsiStripper.swift in Sources */,
				5737C477990F261CB7D4CE67 /* AppDelegate.swift in Sources */,
				82B4BAEE854779513838478B /* CapturedContent.swift in Sources */,
				F26E99C21BDAC0F91627B947 /* CaseTransforms.swift in Sources */,
				EFE22B29D00D5A729F332A56 /* ClipboardItem.swift in Sources */,
				426889B934835D60A8E7A741 /* ClipboardPopoverView.swift in Sources */,
				D5D053CB4A9AE2164813CD36 /* ClipboardRecord.swift in Sources */,
				D5CDAC04CD7F56EC9DFB18E6 /* ClipboardRepository.swift in Sources */,
				92780B45AEE5D2F83BA0F046 /* ClipboardStore.swift in Sources */,
				318208F86491FC2DD43EBC92 /* ClipboardWatcher.swift in Sources */,
				89315B596681E5BBE2C83B5D /* CodeEditorRule.swift in Sources */,
				C32274AA58D6BFC7A5E6B36A /* CodePreviewWindow.swift in Sources */,
				862799616057A60C736E3BDC /* ContentHasher.swift in Sources */,
				F740C0A0275FED568765BD9D /* DatabaseFactory.swift in Sources */,
				80AB97BBB06367C5E9535613 /* DragPayload.swift in Sources */,
				CDB10FAFFE49281556195CB5 /* EncodingTransforms.swift in Sources */,
				847C3F67416DD97F4315F355 /* ExclusionList.swift in Sources */,
				1D4F393D68B76AC4EDB29FBE /* FolderWatcher.swift in Sources */,
				3F5939E69CF3112A96EBFB1F /* FormatTransforms.swift in Sources */,
				79195191D00CC43BA176735E /* FuzzyScorer.swift in Sources */,
				667611E9749762857FB9128B /* GRDBClipboardRepository.swift in Sources */,
				E457EF7564A97AE213AEDB77 /* GRDBSnippetRepository.swift in Sources */,
				F0E960BC395ED079ABDC63F0 /* HUDToast.swift in Sources */,
				210B67519C97882EDD42BAA5 /* HashTransforms.swift in Sources */,
				C1528FCE7AAD4E0E94C8AF2F /* HistoryRow.swift in Sources */,
				01C166EEEE28E211412D8191 /* HotkeyAction.swift in Sources */,
				239E71F8070903DEA6E18901 /* HotkeyCenter.swift in Sources */,
				0452901C431C9D2E0ACC5E05 /* KeychainVault.swift in Sources */,
				E284D27D8B7C5F33746D3A29 /* KeywordSets.swift in Sources */,
				0026E84E24A58ACB90EC32CF /* Language.swift in Sources */,
				892EE3D1A9320F07BE9B401A /* LanguageDetector.swift in Sources */,
				B433220A31336A778484F422 /* MarkdownToMrkdwn.swift in Sources */,
				4B315BBE4C4B7133AFAD9CFC /* MenuBarController.swift in Sources */,
				E60301906099E55F6E47FE29 /* Migrations.swift in Sources */,
				76AB9D3E275BD57A2AA680DE /* OCRService.swift in Sources */,
				6AF78F6321D87A58B47E39A1 /* OnboardingWindow.swift in Sources */,
				FFD314BDCC4666231B042D86 /* PasteEngine.swift in Sources */,
				5FA750023049BEFDA2EFB8A4 /* PasteboardReading.swift in Sources */,
				48A115AB2C025BC8E5636340 /* PinnedFolderSync.swift in Sources */,
				56242BDEC4847AB58C365D60 /* PinnedSlotsBar.swift in Sources */,
				2B3E3FE7CF22026EED6F529C /* PopoverKeyMonitor.swift in Sources */,
				A23ACCEF1E9249383899D9F1 /* PrivacyFilter.swift in Sources */,
				5FB04E3F5A942D1A24A8DD24 /* PrivacyModeState.swift in Sources */,
				E95E4A1A23676C6CDAD7E6E0 /* PromptSheet.swift in Sources */,
				D0E9F323A26B37426CCF0FDD /* ScreenshotService.swift in Sources */,
				5C642C30A215D7A157A21ECB /* SensitivePatternDetector.swift in Sources */,
				61C9E273B0AD22CA070D1703 /* SensitiveSweeper.swift in Sources */,
				C5FC24CE5B38BC9607C6819B /* SettingsView.swift in Sources */,
				F0ED6A2219E7C9BBBC46705B /* SettingsWindowController.swift in Sources */,
				37AEF891649E3AD826B6B03F /* SlackRule.swift in Sources */,
				CD869CED1E877818CEB58ACF /* SlotFileFormat.swift in Sources */,
				A300DA72658211A394406306 /* SlotTextEditor.swift in Sources */,
				7CB2CA481F965DE335A1C5FA /* SmartPasteRegistry.swift in Sources */,
				58329BE59498157D68BF7990 /* SmartPasteRule.swift in Sources */,
				30DB99D48A51C433C5D36933 /* Snippet.swift in Sources */,
				4D22C4ED6E077B957C015D9B /* SnippetRecord.swift in Sources */,
				7331EDBA3E54DD0B9A798FE6 /* SnippetRepository.swift in Sources */,
				551656322B1819C49AB46099 /* SnippetStore.swift in Sources */,
				3F072CC1CE9E5AF06D54D605 /* SnippetsView.swift in Sources */,
				A40B2010243CCB574BE3B48C /* SnippetsWindowController.swift in Sources */,
				B790160B7DAAC2FA787342DD /* StashApp.swift in Sources */,
				7F26776D44F55C4AA36CC536 /* StorageSettings.swift in Sources */,
				345939FB7C7CB691D62E78E1 /* SyntaxHighlighter.swift in Sources */,
				92C00A496979E50A22EC2C7C /* SystemPasteEngine.swift in Sources */,
				17586D3DA45DA5FB34B6131E /* SystemPasteboard.swift in Sources */,
				1D549134D272A68189057E91 /* TemplateEditor.swift in Sources */,
				3EAFF81B64CEA5300D507B84 /* TemplateRenderer.swift in Sources */,
				A39D3B6711EE67E93E75B13B /* TemplateTokenizer.swift in Sources */,
				E73D73C8AED08766036BB067 /* TerminalRule.swift in Sources */,
				05E36039B7405C83516D7B91 /* TextTransform.swift in Sources */,
				C37F48BD709E5B2DEAD25329 /* URLSchemeHandler.swift in Sources */,
				34D0EA47734DD9D087931918 /* UniformDedent.swift in Sources */,
				E953DAA5F73DA4A7F7A06C57 /* VaultItem.swift in Sources */,
				2DCA088ADAB82FA1A64EBC0A /* VaultMetadataStore.swift in Sources */,
				988AD41FE084E8A1A1D1ED3C /* VaultNotifications.swift in Sources */,
				D84E450B373812DEE3C0DCCD /* VaultStore.swift in Sources */,
				4CDBB07AC4DF09620D1D2327 /* VaultView.swift in Sources */,
				5B6294AAF11D2D9C386BF511 /* VaultWindowController.swift in Sources */,
			);
			runOnlyForDeploymentPostprocessing = 0;
		};
		A2549831AFCA4CDB8D81A9F2 /* Sources */ = {
			isa = PBXSourcesBuildPhase;
			buildActionMask = 2147483647;
			files = (
				B678470D5931338748295BEE /* ClipboardRepositoryTests.swift in Sources */,
				4825C7D2A2E74565024A7A2A /* FuzzyScorerTests.swift in Sources */,
				9C69D52CDA951794731C96F8 /* InMemoryDatabase.swift in Sources */,
				28CC078A84D708EFB389B0C3 /* LanguageDetectorTests.swift in Sources */,
				6DBB9AD5D351F3BA3F106EBC /* PrivacyFilterTests.swift in Sources */,
				35901F54B7BB55EBCB416346 /* PromptVariablesTests.swift in Sources */,
				B59AD80B9E0DC9FB863159A1 /* SensitivePatternDetectorTests.swift in Sources */,
				94D43C65F086CD787687F75F /* SlotFileFormatTests.swift in Sources */,
				D71250177FF138321B636607 /* SmartPasteRulesTests.swift in Sources */,
				3BE2CA1AD6CEAD90891085B5 /* SnippetRepositoryTests.swift in Sources */,
				643E59C94909F2FE8B0D0A22 /* TemplateRendererTests.swift in Sources */,
				71327DDC2A59A99D6C0C9775 /* TemplateTokenizerTests.swift in Sources */,
				7A3A79534B559582B719BA17 /* TextTransformTests.swift in Sources */,
				0ED817404E81D5C08C2036EA /* URLSchemeHandlerTests.swift in Sources */,
			);
			runOnlyForDeploymentPostprocessing = 0;
		};
/* End PBXSourcesBuildPhase section */

/* Begin PBXTargetDependency section */
		543663EB4D02A2D8CE843E39 /* PBXTargetDependency */ = {
			isa = PBXTargetDependency;
			target = 9FAC94805FFDB4939741D3EE /* Stash */;
			targetProxy = 6D248C125A2D2CAC7F1942DD /* PBXContainerItemProxy */;
		};
/* End PBXTargetDependency section */

/* Begin XCBuildConfiguration section */
		10D2E8ECD05F572617234BDD /* Debug */ = {
			isa = XCBuildConfiguration;
			buildSettings = {
				ASSETCATALOG_COMPILER_APPICON_NAME = AppIcon;
				CODE_SIGN_ENTITLEMENTS = Stash/Resources/Stash.entitlements;
				CODE_SIGN_IDENTITY = "Stash Dev";
				CODE_SIGN_STYLE = Manual;
				COMBINE_HIDPI_IMAGES = YES;
				CURRENT_PROJECT_VERSION = 1;
				DEVELOPMENT_TEAM = "";
				ENABLE_HARDENED_RUNTIME = NO;
				ENABLE_USER_SCRIPT_SANDBOXING = NO;
				INFOPLIST_FILE = Stash/Resources/Info.plist;
				LD_RUNPATH_SEARCH_PATHS = (
					"$(inherited)",
					"@executable_path/../Frameworks",
				);
				MACOSX_DEPLOYMENT_TARGET = 13.0;
				MARKETING_VERSION = 0.1.0;
				OTHER_CODE_SIGN_FLAGS = "--timestamp=none";
				PRODUCT_BUNDLE_IDENTIFIER = com.soi.stash;
				PRODUCT_NAME = Stash;
				SDKROOT = macosx;
				SWIFT_VERSION = 5.9;
			};
			name = Debug;
		};
		75E93CE1066EEEF998F48EF1 /* Release */ = {
			isa = XCBuildConfiguration;
			buildSettings = {
				BUNDLE_LOADER = "$(TEST_HOST)";
				CODE_SIGN_IDENTITY = "-";
				COMBINE_HIDPI_IMAGES = YES;
				GENERATE_INFOPLIST_FILE = YES;
				LD_RUNPATH_SEARCH_PATHS = (
					"$(inherited)",
					"@executable_path/../Frameworks",
					"@loader_path/../Frameworks",
				);
				MACOSX_DEPLOYMENT_TARGET = 13.0;
				PRODUCT_BUNDLE_IDENTIFIER = com.soi.stash.tests;
				SDKROOT = macosx;
				SWIFT_VERSION = 5.9;
				TEST_HOST = "$(BUILT_PRODUCTS_DIR)/Stash.app/Contents/MacOS/Stash";
			};
			name = Release;
		};
		A7232640369F3B29CC31B666 /* Release */ = {
			isa = XCBuildConfiguration;
			buildSettings = {
				ASSETCATALOG_COMPILER_APPICON_NAME = AppIcon;
				CODE_SIGN_ENTITLEMENTS = Stash/Resources/Stash.entitlements;
				CODE_SIGN_IDENTITY = "Stash Dev";
				CODE_SIGN_STYLE = Manual;
				COMBINE_HIDPI_IMAGES = YES;
				CURRENT_PROJECT_VERSION = 1;
				DEVELOPMENT_TEAM = "";
				ENABLE_HARDENED_RUNTIME = NO;
				ENABLE_USER_SCRIPT_SANDBOXING = NO;
				INFOPLIST_FILE = Stash/Resources/Info.plist;
				LD_RUNPATH_SEARCH_PATHS = (
					"$(inherited)",
					"@executable_path/../Frameworks",
				);
				MACOSX_DEPLOYMENT_TARGET = 13.0;
				MARKETING_VERSION = 0.1.0;
				OTHER_CODE_SIGN_FLAGS = "--timestamp=none";
				PRODUCT_BUNDLE_IDENTIFIER = com.soi.stash;
				PRODUCT_NAME = Stash;
				SDKROOT = macosx;
				SWIFT_VERSION = 5.9;
			};
			name = Release;
		};
		A8E1652CCA19D907F3FA6073 /* Debug */ = {
			isa = XCBuildConfiguration;
			buildSettings = {
				ALWAYS_SEARCH_USER_PATHS = NO;
				CLANG_ANALYZER_NONNULL = YES;
				CLANG_ANALYZER_NUMBER_OBJECT_CONVERSION = YES_AGGRESSIVE;
				CLANG_CXX_LANGUAGE_STANDARD = "gnu++14";
				CLANG_CXX_LIBRARY = "libc++";
				CLANG_ENABLE_MODULES = YES;
				CLANG_ENABLE_OBJC_ARC = YES;
				CLANG_ENABLE_OBJC_WEAK = YES;
				CLANG_WARN_BLOCK_CAPTURE_AUTORELEASING = YES;
				CLANG_WARN_BOOL_CONVERSION = YES;
				CLANG_WARN_COMMA = YES;
				CLANG_WARN_CONSTANT_CONVERSION = YES;
				CLANG_WARN_DEPRECATED_OBJC_IMPLEMENTATIONS = YES;
				CLANG_WARN_DIRECT_OBJC_ISA_USAGE = YES_ERROR;
				CLANG_WARN_DOCUMENTATION_COMMENTS = YES;
				CLANG_WARN_EMPTY_BODY = YES;
				CLANG_WARN_ENUM_CONVERSION = YES;
				CLANG_WARN_INFINITE_RECURSION = YES;
				CLANG_WARN_INT_CONVERSION = YES;
				CLANG_WARN_NON_LITERAL_NULL_CONVERSION = YES;
				CLANG_WARN_OBJC_IMPLICIT_RETAIN_SELF = YES;
				CLANG_WARN_OBJC_LITERAL_CONVERSION = YES;
				CLANG_WARN_OBJC_ROOT_CLASS = YES_ERROR;
				CLANG_WARN_QUOTED_INCLUDE_IN_FRAMEWORK_HEADER = YES;
				CLANG_WARN_RANGE_LOOP_ANALYSIS = YES;
				CLANG_WARN_STRICT_PROTOTYPES = YES;
				CLANG_WARN_SUSPICIOUS_MOVE = YES;
				CLANG_WARN_UNGUARDED_AVAILABILITY = YES_AGGRESSIVE;
				CLANG_WARN_UNREACHABLE_CODE = YES;
				CLANG_WARN__DUPLICATE_METHOD_MATCH = YES;
				COPY_PHASE_STRIP = NO;
				DEBUG_INFORMATION_FORMAT = dwarf;
				ENABLE_STRICT_OBJC_MSGSEND = YES;
				ENABLE_TESTABILITY = YES;
				GCC_C_LANGUAGE_STANDARD = gnu11;
				GCC_DYNAMIC_NO_PIC = NO;
				GCC_NO_COMMON_BLOCKS = YES;
				GCC_OPTIMIZATION_LEVEL = 0;
				GCC_PREPROCESSOR_DEFINITIONS = (
					"$(inherited)",
					"DEBUG=1",
				);
				GCC_WARN_64_TO_32_BIT_CONVERSION = YES;
				GCC_WARN_ABOUT_RETURN_TYPE = YES_ERROR;
				GCC_WARN_UNDECLARED_SELECTOR = YES;
				GCC_WARN_UNINITIALIZED_AUTOS = YES_AGGRESSIVE;
				GCC_WARN_UNUSED_FUNCTION = YES;
				GCC_WARN_UNUSED_VARIABLE = YES;
				MACOSX_DEPLOYMENT_TARGET = 13.0;
				MTL_ENABLE_DEBUG_INFO = INCLUDE_SOURCE;
				MTL_FAST_MATH = YES;
				ONLY_ACTIVE_ARCH = YES;
				PRODUCT_NAME = "$(TARGET_NAME)";
				SDKROOT = macosx;
				SWIFT_ACTIVE_COMPILATION_CONDITIONS = DEBUG;
				SWIFT_OPTIMIZATION_LEVEL = "-Onone";
				SWIFT_VERSION = 5.0;
			};
			name = Debug;
		};
		EF7ED3002A10DA8241E43742 /* Debug */ = {
			isa = XCBuildConfiguration;
			buildSettings = {
				BUNDLE_LOADER = "$(TEST_HOST)";
				CODE_SIGN_IDENTITY = "-";
				COMBINE_HIDPI_IMAGES = YES;
				GENERATE_INFOPLIST_FILE = YES;
				LD_RUNPATH_SEARCH_PATHS = (
					"$(inherited)",
					"@executable_path/../Frameworks",
					"@loader_path/../Frameworks",
				);
				MACOSX_DEPLOYMENT_TARGET = 13.0;
				PRODUCT_BUNDLE_IDENTIFIER = com.soi.stash.tests;
				SDKROOT = macosx;
				SWIFT_VERSION = 5.9;
				TEST_HOST = "$(BUILT_PRODUCTS_DIR)/Stash.app/Contents/MacOS/Stash";
			};
			name = Debug;
		};
		F5B4F721C8EDFDD0EA888EF8 /* Release */ = {
			isa = XCBuildConfiguration;
			buildSettings = {
				ALWAYS_SEARCH_USER_PATHS = NO;
				CLANG_ANALYZER_NONNULL = YES;
				CLANG_ANALYZER_NUMBER_OBJECT_CONVERSION = YES_AGGRESSIVE;
				CLANG_CXX_LANGUAGE_STANDARD = "gnu++14";
				CLANG_CXX_LIBRARY = "libc++";
				CLANG_ENABLE_MODULES = YES;
				CLANG_ENABLE_OBJC_ARC = YES;
				CLANG_ENABLE_OBJC_WEAK = YES;
				CLANG_WARN_BLOCK_CAPTURE_AUTORELEASING = YES;
				CLANG_WARN_BOOL_CONVERSION = YES;
				CLANG_WARN_COMMA = YES;
				CLANG_WARN_CONSTANT_CONVERSION = YES;
				CLANG_WARN_DEPRECATED_OBJC_IMPLEMENTATIONS = YES;
				CLANG_WARN_DIRECT_OBJC_ISA_USAGE = YES_ERROR;
				CLANG_WARN_DOCUMENTATION_COMMENTS = YES;
				CLANG_WARN_EMPTY_BODY = YES;
				CLANG_WARN_ENUM_CONVERSION = YES;
				CLANG_WARN_INFINITE_RECURSION = YES;
				CLANG_WARN_INT_CONVERSION = YES;
				CLANG_WARN_NON_LITERAL_NULL_CONVERSION = YES;
				CLANG_WARN_OBJC_IMPLICIT_RETAIN_SELF = YES;
				CLANG_WARN_OBJC_LITERAL_CONVERSION = YES;
				CLANG_WARN_OBJC_ROOT_CLASS = YES_ERROR;
				CLANG_WARN_QUOTED_INCLUDE_IN_FRAMEWORK_HEADER = YES;
				CLANG_WARN_RANGE_LOOP_ANALYSIS = YES;
				CLANG_WARN_STRICT_PROTOTYPES = YES;
				CLANG_WARN_SUSPICIOUS_MOVE = YES;
				CLANG_WARN_UNGUARDED_AVAILABILITY = YES_AGGRESSIVE;
				CLANG_WARN_UNREACHABLE_CODE = YES;
				CLANG_WARN__DUPLICATE_METHOD_MATCH = YES;
				COPY_PHASE_STRIP = NO;
				DEBUG_INFORMATION_FORMAT = "dwarf-with-dsym";
				ENABLE_NS_ASSERTIONS = NO;
				ENABLE_STRICT_OBJC_MSGSEND = YES;
				GCC_C_LANGUAGE_STANDARD = gnu11;
				GCC_NO_COMMON_BLOCKS = YES;
				GCC_WARN_64_TO_32_BIT_CONVERSION = YES;
				GCC_WARN_ABOUT_RETURN_TYPE = YES_ERROR;
				GCC_WARN_UNDECLARED_SELECTOR = YES;
				GCC_WARN_UNINITIALIZED_AUTOS = YES_AGGRESSIVE;
				GCC_WARN_UNUSED_FUNCTION = YES;
				GCC_WARN_UNUSED_VARIABLE = YES;
				MACOSX_DEPLOYMENT_TARGET = 13.0;
				MTL_ENABLE_DEBUG_INFO = NO;
				MTL_FAST_MATH = YES;
				PRODUCT_NAME = "$(TARGET_NAME)";
				SDKROOT = macosx;
				SWIFT_COMPILATION_MODE = wholemodule;
				SWIFT_OPTIMIZATION_LEVEL = "-O";
				SWIFT_VERSION = 5.0;
			};
			name = Release;
		};
/* End XCBuildConfiguration section */

/* Begin XCConfigurationList section */
		54FA2A1BB95A81A0AD1050F0 /* Build configuration list for PBXNativeTarget "StashTests" */ = {
			isa = XCConfigurationList;
			buildConfigurations = (
				EF7ED3002A10DA8241E43742 /* Debug */,
				75E93CE1066EEEF998F48EF1 /* Release */,
			);
			defaultConfigurationIsVisible = 0;
			defaultConfigurationName = Debug;
		};
		78E94BD0C76520D4ECE354DA /* Build configuration list for PBXNativeTarget "Stash" */ = {
			isa = XCConfigurationList;
			buildConfigurations = (
				10D2E8ECD05F572617234BDD /* Debug */,
				A7232640369F3B29CC31B666 /* Release */,
			);
			defaultConfigurationIsVisible = 0;
			defaultConfigurationName = Debug;
		};
		8036E9899E16BB9F128645CD /* Build configuration list for PBXProject "Stash" */ = {
			isa = XCConfigurationList;
			buildConfigurations = (
				A8E1652CCA19D907F3FA6073 /* Debug */,
				F5B4F721C8EDFDD0EA888EF8 /* Release */,
			);
			defaultConfigurationIsVisible = 0;
			defaultConfigurationName = Debug;
		};
/* End XCConfigurationList section */

/* Begin XCRemoteSwiftPackageReference section */
		05C9A2FF394CA63B91F6D70B /* XCRemoteSwiftPackageReference "HotKey" */ = {
			isa = XCRemoteSwiftPackageReference;
			repositoryURL = "https://github.com/soffes/HotKey";
			requirement = {
				kind = upToNextMajorVersion;
				minimumVersion = 0.2.0;
			};
		};
		DFEA063D21F64A5FFEA048C4 /* XCRemoteSwiftPackageReference "GRDB.swift" */ = {
			isa = XCRemoteSwiftPackageReference;
			repositoryURL = "https://github.com/groue/GRDB.swift";
			requirement = {
				kind = upToNextMajorVersion;
				minimumVersion = 6.29.0;
			};
		};
/* End XCRemoteSwiftPackageReference section */

/* Begin XCSwiftPackageProductDependency section */
		22761CE670CBD659A7821DBA /* GRDB */ = {
			isa = XCSwiftPackageProductDependency;
			package = DFEA063D21F64A5FFEA048C4 /* XCRemoteSwiftPackageReference "GRDB.swift" */;
			productName = GRDB;
		};
		CC88CEB6873CC813F7D74CD1 /* HotKey */ = {
			isa = XCSwiftPackageProductDependency;
			package = 05C9A2FF394CA63B91F6D70B /* XCRemoteSwiftPackageReference "HotKey" */;
			productName = HotKey;
		};
		FB9C642FACE47D52B338DBB9 /* GRDB */ = {
			isa = XCSwiftPackageProductDependency;
			package = DFEA063D21F64A5FFEA048C4 /* XCRemoteSwiftPackageReference "GRDB.swift" */;
			productName = GRDB;
		};
/* End XCSwiftPackageProductDependency section */
	};
	rootObject = 033F29620E5209F5D0401DB9 /* Project object */;
}
