// !$*UTF8*$!
{
	archiveVersion = 1;
	classes = {
	};
	objectVersion = 77;
	objects = {

/* Begin PBXBuildFile section */
		02D48836AB3CE4A8341F7766 /* AccessibilityPermission.swift in Sources */ = {isa = PBXBuildFile; fileRef = 17A420AA2D64C805B8D721E5 /* AccessibilityPermission.swift */; };
		06937B8E13E1A1870F7086FD /* ClipboardRepositoryTests.swift in Sources */ = {isa = PBXBuildFile; fileRef = D89C9EF34E19902A226E2FFC /* ClipboardRepositoryTests.swift */; };
		0BC5B68A29512752354FB67F /* SlotTextEditor.swift in Sources */ = {isa = PBXBuildFile; fileRef = D8EC2A7280731F371A5BD06C /* SlotTextEditor.swift */; };
		0BD36AA09FD43A51B41EB85F /* PopoverKeyMonitor.swift in Sources */ = {isa = PBXBuildFile; fileRef = BCB843B7131AACE1E115A05B /* PopoverKeyMonitor.swift */; };
		10E74B6BF7D7CCE7C1E91A5A /* SlotFileFormatTests.swift in Sources */ = {isa = PBXBuildFile; fileRef = FC9F6029B1C115B7188F3AE1 /* SlotFileFormatTests.swift */; };
		117483C5592F4EE18FDE140A /* AccessibilityPrompt.swift in Sources */ = {isa = PBXBuildFile; fileRef = 3323DE548CA8CD2274F7FA45 /* AccessibilityPrompt.swift */; };
		11A5B4704A107F2415397601 /* AppDelegate.swift in Sources */ = {isa = PBXBuildFile; fileRef = 029FA3D7E2B6787A7D1E9505 /* AppDelegate.swift */; };
		147ADE5253153C0E75918523 /* SettingsWindowController.swift in Sources */ = {isa = PBXBuildFile; fileRef = 9029E47DD7EED77CBFF651EE /* SettingsWindowController.swift */; };
		23E992FF16AD542E39173A55 /* ClipboardItem.swift in Sources */ = {isa = PBXBuildFile; fileRef = DAFDDE1DCDF1C1BF22896F58 /* ClipboardItem.swift */; };
		2938B50AAC42B061628BB8F8 /* PasteboardReading.swift in Sources */ = {isa = PBXBuildFile; fileRef = AF25575CA44DDA3041E753EA /* PasteboardReading.swift */; };
		33E496DB7C2055C2E8343F38 /* HotkeyAction.swift in Sources */ = {isa = PBXBuildFile; fileRef = 6ABEA07B856CAC4BCBC86DFD /* HotkeyAction.swift */; };
		343D52105315F9ECC1C8D5EF /* MenuBarController.swift in Sources */ = {isa = PBXBuildFile; fileRef = 44F95D4F706D312E64DADD3E /* MenuBarController.swift */; };
		3B6D512F4B1D9C026F20F3E7 /* EncodingTransforms.swift in Sources */ = {isa = PBXBuildFile; fileRef = 3748511F18F2D305E35825DA /* EncodingTransforms.swift */; };
		3C63706FB94D951A83FE9BB2 /* HotKey in Frameworks */ = {isa = PBXBuildFile; productRef = A1136442512986DF9FCAF225 /* HotKey */; };
		3E74B875A902D87BB937026B /* ClipboardStore.swift in Sources */ = {isa = PBXBuildFile; fileRef = 719C4B72E47724B2DF4A68C5 /* ClipboardStore.swift */; };
		42342ED5CA72AEE0D0E079C6 /* FolderWatcher.swift in Sources */ = {isa = PBXBuildFile; fileRef = 7948D99DCF53BA0BD119FB73 /* FolderWatcher.swift */; };
		438152210B30BEDC268AC0B8 /* SlotFileFormat.swift in Sources */ = {isa = PBXBuildFile; fileRef = 96CD372847E79E9C20E47937 /* SlotFileFormat.swift */; };
		4763DF61C7987DF8C586902E /* CapturedContent.swift in Sources */ = {isa = PBXBuildFile; fileRef = 7CFB1CDECD400CA71D4AA7E2 /* CapturedContent.swift */; };
		4C59FEE939E688C4A0DF2C17 /* FuzzyScorerTests.swift in Sources */ = {isa = PBXBuildFile; fileRef = 209C966ACF18D974B301D2A2 /* FuzzyScorerTests.swift */; };
		53D113627BCCC97568749D03 /* GRDBClipboardRepository.swift in Sources */ = {isa = PBXBuildFile; fileRef = A90B5974EA2C9407D021ACA3 /* GRDBClipboardRepository.swift */; };
		592B5D9C1FABAB0723CFA001 /* SettingsView.swift in Sources */ = {isa = PBXBuildFile; fileRef = DAF14509890AABBAA1871817 /* SettingsView.swift */; };
		5AA88F92AB26259C7B8387BA /* TextTransformTests.swift in Sources */ = {isa = PBXBuildFile; fileRef = B3A8115001FB4FD1CBE8FD0E /* TextTransformTests.swift */; };
		5EF665D97A7BF6614A67AD43 /* TextTransform.swift in Sources */ = {isa = PBXBuildFile; fileRef = 1FFCE80E8BD3E3109ED7DDA0 /* TextTransform.swift */; };
		61399F3C79F430AF00A60958 /* ClipboardPopoverView.swift in Sources */ = {isa = PBXBuildFile; fileRef = 154B9C45CEDF9AD0A40FCFFC /* ClipboardPopoverView.swift */; };
		63B0751B43D0F8724CAE110E /* TemplateEditor.swift in Sources */ = {isa = PBXBuildFile; fileRef = 06F54DEB9EC42377227575BC /* TemplateEditor.swift */; };
		66505D29162EF66AE7A23EFB /* PinnedFolderSync.swift in Sources */ = {isa = PBXBuildFile; fileRef = 04F74B54EC6CF6100C988663 /* PinnedFolderSync.swift */; };
		75A95D6F49BD5CB0F7D78480 /* ClipstashApp.swift in Sources */ = {isa = PBXBuildFile; fileRef = 08886CC925826F82A1DFABAB /* ClipstashApp.swift */; };
		7AC4A93CDDBE957405AAFF87 /* GRDB in Frameworks */ = {isa = PBXBuildFile; productRef = 127CC8B2591DE258777F317F /* GRDB */; };
		801352EC65D09DF911BF9FCD /* HashTransforms.swift in Sources */ = {isa = PBXBuildFile; fileRef = B2BCEBA84FACECD1E637A9F6 /* HashTransforms.swift */; };
		93F8133E2723C2F8D688A6C5 /* OnboardingWindow.swift in Sources */ = {isa = PBXBuildFile; fileRef = 2BF00BB622C4DFFECB6F92CA /* OnboardingWindow.swift */; };
		94D05DD58CCFDECB77D07859 /* PromptSheet.swift in Sources */ = {isa = PBXBuildFile; fileRef = 3290F4B6815A191603DE6D55 /* PromptSheet.swift */; };
		95B068A4887C4C12D552F751 /* FormatTransforms.swift in Sources */ = {isa = PBXBuildFile; fileRef = 568A8E0CC0C77747542F8E87 /* FormatTransforms.swift */; };
		966452C1C0B9BD07D478AAF9 /* ClipboardRepository.swift in Sources */ = {isa = PBXBuildFile; fileRef = FABFAEE01A1B32299748BC29 /* ClipboardRepository.swift */; };
		98A02A91092488D2FED58658 /* ContentHasher.swift in Sources */ = {isa = PBXBuildFile; fileRef = 54A8CF4E7E54A7E79AF81F78 /* ContentHasher.swift */; };
		9A7F9BDFD5FE3C3F1DB10739 /* PrivacyFilter.swift in Sources */ = {isa = PBXBuildFile; fileRef = 6AA7EC5743198B3CCEE68E31 /* PrivacyFilter.swift */; };
		9BF24B4A4B95935001258451 /* TemplateRendererTests.swift in Sources */ = {isa = PBXBuildFile; fileRef = 029C5EB7C9A44874FB092932 /* TemplateRendererTests.swift */; };
		A048873C9B69B5D0D79816A2 /* GRDB in Frameworks */ = {isa = PBXBuildFile; productRef = 583E4F232E132E09BEA9226A /* GRDB */; };
		A09C811E8F8217C44567F699 /* HistoryRow.swift in Sources */ = {isa = PBXBuildFile; fileRef = D53343DDAA0F56A61086ED81 /* HistoryRow.swift */; };
		A800794CE6BB4778414CAD27 /* PrivacyFilterTests.swift in Sources */ = {isa = PBXBuildFile; fileRef = 10B80FE840103A9E191225FD /* PrivacyFilterTests.swift */; };
		A9F03B5759CFEBCE02A0E5AE /* OCRService.swift in Sources */ = {isa = PBXBuildFile; fileRef = 91F6C1F37636CA7731B3427D /* OCRService.swift */; };
		AAEC40FA2FE54E278E78740B /* ClipboardRecord.swift in Sources */ = {isa = PBXBuildFile; fileRef = 6FD5B5FA7FB7AEF67EA57CC1 /* ClipboardRecord.swift */; };
		AB0DD119770B2E18F77CEB8F /* FuzzyScorer.swift in Sources */ = {isa = PBXBuildFile; fileRef = 6BEC0803D05B415387E693A8 /* FuzzyScorer.swift */; };
		AECF3D4550C55F5F4333655F /* TemplateTokenizerTests.swift in Sources */ = {isa = PBXBuildFile; fileRef = DED5C5612A2A026E1965C77D /* TemplateTokenizerTests.swift */; };
		B0747E520926717B1AAC9BD3 /* HUDToast.swift in Sources */ = {isa = PBXBuildFile; fileRef = C46FF54F5088BD82DB4BF751 /* HUDToast.swift */; };
		BFE6952A4AC73F271AE438B9 /* DatabaseFactory.swift in Sources */ = {isa = PBXBuildFile; fileRef = DD47E59802F252174935BA9E /* DatabaseFactory.swift */; };
		C2452D64BD2B79A405DAA491 /* PinnedSlotsBar.swift in Sources */ = {isa = PBXBuildFile; fileRef = 2C3E7790545F81FD98B5464A /* PinnedSlotsBar.swift */; };
		C48173C3F945D17EB6C443CD /* TemplateTokenizer.swift in Sources */ = {isa = PBXBuildFile; fileRef = B9D9B3DC750E7195BC618D4C /* TemplateTokenizer.swift */; };
		C6F32CD8D320DFE6D00F2872 /* ExclusionList.swift in Sources */ = {isa = PBXBuildFile; fileRef = 42FAE94A527770B22B754B5B /* ExclusionList.swift */; };
		CE9854AA76587CD7C5D5518C /* PromptVariablesTests.swift in Sources */ = {isa = PBXBuildFile; fileRef = 849676D51C70408922DB331F /* PromptVariablesTests.swift */; };
		D03C5F81FEBEF8EB96D5902F /* ClipboardWatcher.swift in Sources */ = {isa = PBXBuildFile; fileRef = 01958B1DAF9146D2BAE1ECB3 /* ClipboardWatcher.swift */; };
		D2E25D8EBFF63D8213ADF01F /* PasteEngine.swift in Sources */ = {isa = PBXBuildFile; fileRef = 2ADCF454C4828E097EFF93EA /* PasteEngine.swift */; };
		D477A9865A63292F149D628C /* CaseTransforms.swift in Sources */ = {isa = PBXBuildFile; fileRef = 0CD2E77F0AA1624F3A6F2EBE /* CaseTransforms.swift */; };
		D5874468C4E88C4283DF104B /* PrivacyModeState.swift in Sources */ = {isa = PBXBuildFile; fileRef = 3F8CC9FAD442A9BF70C1274C /* PrivacyModeState.swift */; };
		D8B80469542D631B9ED0B244 /* StorageSettings.swift in Sources */ = {isa = PBXBuildFile; fileRef = 40C5C3F8E190ADC8C7D8163A /* StorageSettings.swift */; };
		DA35FE3D87B65F54C6418EB3 /* Migrations.swift in Sources */ = {isa = PBXBuildFile; fileRef = 68CACBCAE1C514302FC10B6E /* Migrations.swift */; };
		DEB22CA5E32FBB96CEE283B7 /* DragPayload.swift in Sources */ = {isa = PBXBuildFile; fileRef = 26ACF00E917509AF0A675B46 /* DragPayload.swift */; };
		E3E6C8EF84192B13ED161945 /* HotkeyCenter.swift in Sources */ = {isa = PBXBuildFile; fileRef = 4A39F7021E8CC75DDC6F0595 /* HotkeyCenter.swift */; };
		E706A001D8D27BFF7D590535 /* SystemPasteEngine.swift in Sources */ = {isa = PBXBuildFile; fileRef = C4A29DCC1ECBE0E34CDB3BB2 /* SystemPasteEngine.swift */; };
		F299744965DB98415FBC9946 /* TemplateRenderer.swift in Sources */ = {isa = PBXBuildFile; fileRef = E50D19565F276871A213F901 /* TemplateRenderer.swift */; };
		F3D43613D73C024F95758428 /* SystemPasteboard.swift in Sources */ = {isa = PBXBuildFile; fileRef = EBCFD46A9627B188D1EE5A47 /* SystemPasteboard.swift */; };
		F7C70B0C9371C76B5490DC3A /* InMemoryDatabase.swift in Sources */ = {isa = PBXBuildFile; fileRef = 0C442A34A75DC98E62A9399B /* InMemoryDatabase.swift */; };
/* End PBXBuildFile section */

/* Begin PBXContainerItemProxy section */
		9DB1A45C90B27E3E276A4436 /* PBXContainerItemProxy */ = {
			isa = PBXContainerItemProxy;
			containerPortal = 2EEAE2742C8177013FFF6094 /* Project object */;
			proxyType = 1;
			remoteGlobalIDString = 712F6551295D1B47D05F523C;
			remoteInfo = Clipstash;
		};
/* End PBXContainerItemProxy section */

/* Begin PBXFileReference section */
		01958B1DAF9146D2BAE1ECB3 /* ClipboardWatcher.swift */ = {isa = PBXFileReference; lastKnownFileType = sourcecode.swift; path = ClipboardWatcher.swift; sourceTree = "<group>"; };
		029C5EB7C9A44874FB092932 /* TemplateRendererTests.swift */ = {isa = PBXFileReference; lastKnownFileType = sourcecode.swift; path = TemplateRendererTests.swift; sourceTree = "<group>"; };
		029FA3D7E2B6787A7D1E9505 /* AppDelegate.swift */ = {isa = PBXFileReference; lastKnownFileType = sourcecode.swift; path = AppDelegate.swift; sourceTree = "<group>"; };
		04F74B54EC6CF6100C988663 /* PinnedFolderSync.swift */ = {isa = PBXFileReference; lastKnownFileType = sourcecode.swift; path = PinnedFolderSync.swift; sourceTree = "<group>"; };
		06F54DEB9EC42377227575BC /* TemplateEditor.swift */ = {isa = PBXFileReference; lastKnownFileType = sourcecode.swift; path = TemplateEditor.swift; sourceTree = "<group>"; };
		08886CC925826F82A1DFABAB /* ClipstashApp.swift */ = {isa = PBXFileReference; lastKnownFileType = sourcecode.swift; path = ClipstashApp.swift; sourceTree = "<group>"; };
		0C442A34A75DC98E62A9399B /* InMemoryDatabase.swift */ = {isa = PBXFileReference; lastKnownFileType = sourcecode.swift; path = InMemoryDatabase.swift; sourceTree = "<group>"; };
		0CD2E77F0AA1624F3A6F2EBE /* CaseTransforms.swift */ = {isa = PBXFileReference; lastKnownFileType = sourcecode.swift; path = CaseTransforms.swift; sourceTree = "<group>"; };
		10B80FE840103A9E191225FD /* PrivacyFilterTests.swift */ = {isa = PBXFileReference; lastKnownFileType = sourcecode.swift; path = PrivacyFilterTests.swift; sourceTree = "<group>"; };
		154B9C45CEDF9AD0A40FCFFC /* ClipboardPopoverView.swift */ = {isa = PBXFileReference; lastKnownFileType = sourcecode.swift; path = ClipboardPopoverView.swift; sourceTree = "<group>"; };
		17A420AA2D64C805B8D721E5 /* AccessibilityPermission.swift */ = {isa = PBXFileReference; lastKnownFileType = sourcecode.swift; path = AccessibilityPermission.swift; sourceTree = "<group>"; };
		1FFCE80E8BD3E3109ED7DDA0 /* TextTransform.swift */ = {isa = PBXFileReference; lastKnownFileType = sourcecode.swift; path = TextTransform.swift; sourceTree = "<group>"; };
		209C966ACF18D974B301D2A2 /* FuzzyScorerTests.swift */ = {isa = PBXFileReference; lastKnownFileType = sourcecode.swift; path = FuzzyScorerTests.swift; sourceTree = "<group>"; };
		26ACF00E917509AF0A675B46 /* DragPayload.swift */ = {isa = PBXFileReference; lastKnownFileType = sourcecode.swift; path = DragPayload.swift; sourceTree = "<group>"; };
		2ADCF454C4828E097EFF93EA /* PasteEngine.swift */ = {isa = PBXFileReference; lastKnownFileType = sourcecode.swift; path = PasteEngine.swift; sourceTree = "<group>"; };
		2BF00BB622C4DFFECB6F92CA /* OnboardingWindow.swift */ = {isa = PBXFileReference; lastKnownFileType = sourcecode.swift; path = OnboardingWindow.swift; sourceTree = "<group>"; };
		2C3E7790545F81FD98B5464A /* PinnedSlotsBar.swift */ = {isa = PBXFileReference; lastKnownFileType = sourcecode.swift; path = PinnedSlotsBar.swift; sourceTree = "<group>"; };
		3290F4B6815A191603DE6D55 /* PromptSheet.swift */ = {isa = PBXFileReference; lastKnownFileType = sourcecode.swift; path = PromptSheet.swift; sourceTree = "<group>"; };
		3323DE548CA8CD2274F7FA45 /* AccessibilityPrompt.swift */ = {isa = PBXFileReference; lastKnownFileType = sourcecode.swift; path = AccessibilityPrompt.swift; sourceTree = "<group>"; };
		3748511F18F2D305E35825DA /* EncodingTransforms.swift */ = {isa = PBXFileReference; lastKnownFileType = sourcecode.swift; path = EncodingTransforms.swift; sourceTree = "<group>"; };
		3F8CC9FAD442A9BF70C1274C /* PrivacyModeState.swift */ = {isa = PBXFileReference; lastKnownFileType = sourcecode.swift; path = PrivacyModeState.swift; sourceTree = "<group>"; };
		40C5C3F8E190ADC8C7D8163A /* StorageSettings.swift */ = {isa = PBXFileReference; lastKnownFileType = sourcecode.swift; path = StorageSettings.swift; sourceTree = "<group>"; };
		42FAE94A527770B22B754B5B /* ExclusionList.swift */ = {isa = PBXFileReference; lastKnownFileType = sourcecode.swift; path = ExclusionList.swift; sourceTree = "<group>"; };
		44F95D4F706D312E64DADD3E /* MenuBarController.swift */ = {isa = PBXFileReference; lastKnownFileType = sourcecode.swift; path = MenuBarController.swift; sourceTree = "<group>"; };
		4A39F7021E8CC75DDC6F0595 /* HotkeyCenter.swift */ = {isa = PBXFileReference; lastKnownFileType = sourcecode.swift; path = HotkeyCenter.swift; sourceTree = "<group>"; };
		54A8CF4E7E54A7E79AF81F78 /* ContentHasher.swift */ = {isa = PBXFileReference; lastKnownFileType = sourcecode.swift; path = ContentHasher.swift; sourceTree = "<group>"; };
		568A8E0CC0C77747542F8E87 /* FormatTransforms.swift */ = {isa = PBXFileReference; lastKnownFileType = sourcecode.swift; path = FormatTransforms.swift; sourceTree = "<group>"; };
		5A9F11C867DCABC2474F6148 /* ClipstashTests.xctest */ = {isa = PBXFileReference; explicitFileType = wrapper.cfbundle; includeInIndex = 0; path = ClipstashTests.xctest; sourceTree = BUILT_PRODUCTS_DIR; };
		68CACBCAE1C514302FC10B6E /* Migrations.swift */ = {isa = PBXFileReference; lastKnownFileType = sourcecode.swift; path = Migrations.swift; sourceTree = "<group>"; };
		691D7BA5DC490FEBB0892AA1 /* Clipstash.entitlements */ = {isa = PBXFileReference; lastKnownFileType = text.plist.entitlements; path = Clipstash.entitlements; sourceTree = "<group>"; };
		6AA7EC5743198B3CCEE68E31 /* PrivacyFilter.swift */ = {isa = PBXFileReference; lastKnownFileType = sourcecode.swift; path = PrivacyFilter.swift; sourceTree = "<group>"; };
		6ABEA07B856CAC4BCBC86DFD /* HotkeyAction.swift */ = {isa = PBXFileReference; lastKnownFileType = sourcecode.swift; path = HotkeyAction.swift; sourceTree = "<group>"; };
		6BEC0803D05B415387E693A8 /* FuzzyScorer.swift */ = {isa = PBXFileReference; lastKnownFileType = sourcecode.swift; path = FuzzyScorer.swift; sourceTree = "<group>"; };
		6FD5B5FA7FB7AEF67EA57CC1 /* ClipboardRecord.swift */ = {isa = PBXFileReference; lastKnownFileType = sourcecode.swift; path = ClipboardRecord.swift; sourceTree = "<group>"; };
		719C4B72E47724B2DF4A68C5 /* ClipboardStore.swift */ = {isa = PBXFileReference; lastKnownFileType = sourcecode.swift; path = ClipboardStore.swift; sourceTree = "<group>"; };
		780F8C6FF465978D9774BFDB /* Clipstash.app */ = {isa = PBXFileReference; explicitFileType = wrapper.application; includeInIndex = 0; path = Clipstash.app; sourceTree = BUILT_PRODUCTS_DIR; };
		7948D99DCF53BA0BD119FB73 /* FolderWatcher.swift */ = {isa = PBXFileReference; lastKnownFileType = sourcecode.swift; path = FolderWatcher.swift; sourceTree = "<group>"; };
		7CFB1CDECD400CA71D4AA7E2 /* CapturedContent.swift */ = {isa = PBXFileReference; lastKnownFileType = sourcecode.swift; path = CapturedContent.swift; sourceTree = "<group>"; };
		849676D51C70408922DB331F /* PromptVariablesTests.swift */ = {isa = PBXFileReference; lastKnownFileType = sourcecode.swift; path = PromptVariablesTests.swift; sourceTree = "<group>"; };
		9029E47DD7EED77CBFF651EE /* SettingsWindowController.swift */ = {isa = PBXFileReference; lastKnownFileType = sourcecode.swift; path = SettingsWindowController.swift; sourceTree = "<group>"; };
		91F6C1F37636CA7731B3427D /* OCRService.swift */ = {isa = PBXFileReference; lastKnownFileType = sourcecode.swift; path = OCRService.swift; sourceTree = "<group>"; };
		96CD372847E79E9C20E47937 /* SlotFileFormat.swift */ = {isa = PBXFileReference; lastKnownFileType = sourcecode.swift; path = SlotFileFormat.swift; sourceTree = "<group>"; };
		A90B5974EA2C9407D021ACA3 /* GRDBClipboardRepository.swift */ = {isa = PBXFileReference; lastKnownFileType = sourcecode.swift; path = GRDBClipboardRepository.swift; sourceTree = "<group>"; };
		AD1D10771F6EFECDF2BDF447 /* Info.plist */ = {isa = PBXFileReference; lastKnownFileType = text.plist; path = Info.plist; sourceTree = "<group>"; };
		AF25575CA44DDA3041E753EA /* PasteboardReading.swift */ = {isa = PBXFileReference; lastKnownFileType = sourcecode.swift; path = PasteboardReading.swift; sourceTree = "<group>"; };
		B2BCEBA84FACECD1E637A9F6 /* HashTransforms.swift */ = {isa = PBXFileReference; lastKnownFileType = sourcecode.swift; path = HashTransforms.swift; sourceTree = "<group>"; };
		B3A8115001FB4FD1CBE8FD0E /* TextTransformTests.swift */ = {isa = PBXFileReference; lastKnownFileType = sourcecode.swift; path = TextTransformTests.swift; sourceTree = "<group>"; };
		B9D9B3DC750E7195BC618D4C /* TemplateTokenizer.swift */ = {isa = PBXFileReference; lastKnownFileType = sourcecode.swift; path = TemplateTokenizer.swift; sourceTree = "<group>"; };
		BCB843B7131AACE1E115A05B /* PopoverKeyMonitor.swift */ = {isa = PBXFileReference; lastKnownFileType = sourcecode.swift; path = PopoverKeyMonitor.swift; sourceTree = "<group>"; };
		C46FF54F5088BD82DB4BF751 /* HUDToast.swift */ = {isa = PBXFileReference; lastKnownFileType = sourcecode.swift; path = HUDToast.swift; sourceTree = "<group>"; };
		C4A29DCC1ECBE0E34CDB3BB2 /* SystemPasteEngine.swift */ = {isa = PBXFileReference; lastKnownFileType = sourcecode.swift; path = SystemPasteEngine.swift; sourceTree = "<group>"; };
		D53343DDAA0F56A61086ED81 /* HistoryRow.swift */ = {isa = PBXFileReference; lastKnownFileType = sourcecode.swift; path = HistoryRow.swift; sourceTree = "<group>"; };
		D89C9EF34E19902A226E2FFC /* ClipboardRepositoryTests.swift */ = {isa = PBXFileReference; lastKnownFileType = sourcecode.swift; path = ClipboardRepositoryTests.swift; sourceTree = "<group>"; };
		D8EC2A7280731F371A5BD06C /* SlotTextEditor.swift */ = {isa = PBXFileReference; lastKnownFileType = sourcecode.swift; path = SlotTextEditor.swift; sourceTree = "<group>"; };
		DAF14509890AABBAA1871817 /* SettingsView.swift */ = {isa = PBXFileReference; lastKnownFileType = sourcecode.swift; path = SettingsView.swift; sourceTree = "<group>"; };
		DAFDDE1DCDF1C1BF22896F58 /* ClipboardItem.swift */ = {isa = PBXFileReference; lastKnownFileType = sourcecode.swift; path = ClipboardItem.swift; sourceTree = "<group>"; };
		DD47E59802F252174935BA9E /* DatabaseFactory.swift */ = {isa = PBXFileReference; lastKnownFileType = sourcecode.swift; path = DatabaseFactory.swift; sourceTree = "<group>"; };
		DED5C5612A2A026E1965C77D /* TemplateTokenizerTests.swift */ = {isa = PBXFileReference; lastKnownFileType = sourcecode.swift; path = TemplateTokenizerTests.swift; sourceTree = "<group>"; };
		E50D19565F276871A213F901 /* TemplateRenderer.swift */ = {isa = PBXFileReference; lastKnownFileType = sourcecode.swift; path = TemplateRenderer.swift; sourceTree = "<group>"; };
		EBCFD46A9627B188D1EE5A47 /* SystemPasteboard.swift */ = {isa = PBXFileReference; lastKnownFileType = sourcecode.swift; path = SystemPasteboard.swift; sourceTree = "<group>"; };
		FABFAEE01A1B32299748BC29 /* ClipboardRepository.swift */ = {isa = PBXFileReference; lastKnownFileType = sourcecode.swift; path = ClipboardRepository.swift; sourceTree = "<group>"; };
		FC9F6029B1C115B7188F3AE1 /* SlotFileFormatTests.swift */ = {isa = PBXFileReference; lastKnownFileType = sourcecode.swift; path = SlotFileFormatTests.swift; sourceTree = "<group>"; };
/* End PBXFileReference section */

/* Begin PBXFrameworksBuildPhase section */
		20914612AB77D53B5340FA35 /* Frameworks */ = {
			isa = PBXFrameworksBuildPhase;
			buildActionMask = 2147483647;
			files = (
				A048873C9B69B5D0D79816A2 /* GRDB in Frameworks */,
			);
			runOnlyForDeploymentPostprocessing = 0;
		};
		723C09749DC9576684FE39FD /* Frameworks */ = {
			isa = PBXFrameworksBuildPhase;
			buildActionMask = 2147483647;
			files = (
				7AC4A93CDDBE957405AAFF87 /* GRDB in Frameworks */,
				3C63706FB94D951A83FE9BB2 /* HotKey in Frameworks */,
			);
			runOnlyForDeploymentPostprocessing = 0;
		};
/* End PBXFrameworksBuildPhase section */

/* Begin PBXGroup section */
		01A517D1FD3FA65E8CCF20C2 /* Settings */ = {
			isa = PBXGroup;
			children = (
				DAF14509890AABBAA1871817 /* SettingsView.swift */,
				9029E47DD7EED77CBFF651EE /* SettingsWindowController.swift */,
			);
			path = Settings;
			sourceTree = "<group>";
		};
		06A64AF95F10BDA5DBE5F747 /* Onboarding */ = {
			isa = PBXGroup;
			children = (
				2BF00BB622C4DFFECB6F92CA /* OnboardingWindow.swift */,
			);
			path = Onboarding;
			sourceTree = "<group>";
		};
		0A5B3E44EBA0B158F579AD86 /* OCR */ = {
			isa = PBXGroup;
			children = (
				91F6C1F37636CA7731B3427D /* OCRService.swift */,
			);
			path = OCR;
			sourceTree = "<group>";
		};
		12B68C838F47DF9FEE7A2AFB /* Storage */ = {
			isa = PBXGroup;
			children = (
				6FD5B5FA7FB7AEF67EA57CC1 /* ClipboardRecord.swift */,
				DD47E59802F252174935BA9E /* DatabaseFactory.swift */,
				A90B5974EA2C9407D021ACA3 /* GRDBClipboardRepository.swift */,
				68CACBCAE1C514302FC10B6E /* Migrations.swift */,
			);
			path = Storage;
			sourceTree = "<group>";
		};
		15D6EA5189778EF7A81EFAB1 /* Resources */ = {
			isa = PBXGroup;
			children = (
				691D7BA5DC490FEBB0892AA1 /* Clipstash.entitlements */,
				AD1D10771F6EFECDF2BDF447 /* Info.plist */,
			);
			path = Resources;
			sourceTree = "<group>";
		};
		2731CC228DEDDA8826570AFD /* Clipstash */ = {
			isa = PBXGroup;
			children = (
				6252C5D9E8FB4491BCFD614E /* Application */,
				D53C2093A39C51A4489C54E8 /* Domain */,
				E99879D2FBAA7C390685513B /* Infrastructure */,
				548D4D2515522BE0657421E9 /* Presentation */,
				15D6EA5189778EF7A81EFAB1 /* Resources */,
				08886CC925826F82A1DFABAB /* ClipstashApp.swift */,
			);
			path = Clipstash;
			sourceTree = "<group>";
		};
		548D4D2515522BE0657421E9 /* Presentation */ = {
			isa = PBXGroup;
			children = (
				A846AA8F3EC0F4C059AD8CD5 /* HUD */,
				998A22FC7960F6073A041F3C /* MenuBar */,
				06A64AF95F10BDA5DBE5F747 /* Onboarding */,
				5A84EBD0ECF63CCD952912FA /* Popover */,
				01A517D1FD3FA65E8CCF20C2 /* Settings */,
				635C2718AD486CB80ED4B6C6 /* Templates */,
			);
			path = Presentation;
			sourceTree = "<group>";
		};
		5A84EBD0ECF63CCD952912FA /* Popover */ = {
			isa = PBXGroup;
			children = (
				154B9C45CEDF9AD0A40FCFFC /* ClipboardPopoverView.swift */,
				D53343DDAA0F56A61086ED81 /* HistoryRow.swift */,
				2C3E7790545F81FD98B5464A /* PinnedSlotsBar.swift */,
				BCB843B7131AACE1E115A05B /* PopoverKeyMonitor.swift */,
				D8EC2A7280731F371A5BD06C /* SlotTextEditor.swift */,
			);
			path = Popover;
			sourceTree = "<group>";
		};
		6252C5D9E8FB4491BCFD614E /* Application */ = {
			isa = PBXGroup;
			children = (
				029FA3D7E2B6787A7D1E9505 /* AppDelegate.swift */,
				FABFAEE01A1B32299748BC29 /* ClipboardRepository.swift */,
				719C4B72E47724B2DF4A68C5 /* ClipboardStore.swift */,
				42FAE94A527770B22B754B5B /* ExclusionList.swift */,
				6ABEA07B856CAC4BCBC86DFD /* HotkeyAction.swift */,
				2ADCF454C4828E097EFF93EA /* PasteEngine.swift */,
				3F8CC9FAD442A9BF70C1274C /* PrivacyModeState.swift */,
			);
			path = Application;
			sourceTree = "<group>";
		};
		635C2718AD486CB80ED4B6C6 /* Templates */ = {
			isa = PBXGroup;
			children = (
				3290F4B6815A191603DE6D55 /* PromptSheet.swift */,
				06F54DEB9EC42377227575BC /* TemplateEditor.swift */,
			);
			path = Templates;
			sourceTree = "<group>";
		};
		68DE13D3E554E08D98D4CAC7 /* Sync */ = {
			isa = PBXGroup;
			children = (
				7948D99DCF53BA0BD119FB73 /* FolderWatcher.swift */,
				04F74B54EC6CF6100C988663 /* PinnedFolderSync.swift */,
				96CD372847E79E9C20E47937 /* SlotFileFormat.swift */,
			);
			path = Sync;
			sourceTree = "<group>";
		};
		7DA79395C9C564D24E612C98 = {
			isa = PBXGroup;
			children = (
				2731CC228DEDDA8826570AFD /* Clipstash */,
				EC85ADDA9F2618085010AB7B /* ClipstashTests */,
				C8ABC184ECA6FDD221755F91 /* Products */,
			);
			sourceTree = "<group>";
		};
		8FE500BCB81B73C0643178B9 /* Permissions */ = {
			isa = PBXGroup;
			children = (
				17A420AA2D64C805B8D721E5 /* AccessibilityPermission.swift */,
				3323DE548CA8CD2274F7FA45 /* AccessibilityPrompt.swift */,
			);
			path = Permissions;
			sourceTree = "<group>";
		};
		998A22FC7960F6073A041F3C /* MenuBar */ = {
			isa = PBXGroup;
			children = (
				44F95D4F706D312E64DADD3E /* MenuBarController.swift */,
			);
			path = MenuBar;
			sourceTree = "<group>";
		};
		A846AA8F3EC0F4C059AD8CD5 /* HUD */ = {
			isa = PBXGroup;
			children = (
				C46FF54F5088BD82DB4BF751 /* HUDToast.swift */,
			);
			path = HUD;
			sourceTree = "<group>";
		};
		AB11EFA61BB74F150DAAF249 /* Transforms */ = {
			isa = PBXGroup;
			children = (
				0CD2E77F0AA1624F3A6F2EBE /* CaseTransforms.swift */,
				3748511F18F2D305E35825DA /* EncodingTransforms.swift */,
				568A8E0CC0C77747542F8E87 /* FormatTransforms.swift */,
				B2BCEBA84FACECD1E637A9F6 /* HashTransforms.swift */,
				1FFCE80E8BD3E3109ED7DDA0 /* TextTransform.swift */,
			);
			path = Transforms;
			sourceTree = "<group>";
		};
		B5299E97EB68ED94F36F3893 /* Hotkeys */ = {
			isa = PBXGroup;
			children = (
				4A39F7021E8CC75DDC6F0595 /* HotkeyCenter.swift */,
			);
			path = Hotkeys;
			sourceTree = "<group>";
		};
		C8ABC184ECA6FDD221755F91 /* Products */ = {
			isa = PBXGroup;
			children = (
				780F8C6FF465978D9774BFDB /* Clipstash.app */,
				5A9F11C867DCABC2474F6148 /* ClipstashTests.xctest */,
			);
			name = Products;
			sourceTree = "<group>";
		};
		D5336DF9EAF82C7AAEB3F289 /* Paste */ = {
			isa = PBXGroup;
			children = (
				C4A29DCC1ECBE0E34CDB3BB2 /* SystemPasteEngine.swift */,
			);
			path = Paste;
			sourceTree = "<group>";
		};
		D53C2093A39C51A4489C54E8 /* Domain */ = {
			isa = PBXGroup;
			children = (
				AB11EFA61BB74F150DAAF249 /* Transforms */,
				7CFB1CDECD400CA71D4AA7E2 /* CapturedContent.swift */,
				DAFDDE1DCDF1C1BF22896F58 /* ClipboardItem.swift */,
				54A8CF4E7E54A7E79AF81F78 /* ContentHasher.swift */,
				26ACF00E917509AF0A675B46 /* DragPayload.swift */,
				6BEC0803D05B415387E693A8 /* FuzzyScorer.swift */,
				6AA7EC5743198B3CCEE68E31 /* PrivacyFilter.swift */,
				40C5C3F8E190ADC8C7D8163A /* StorageSettings.swift */,
				E50D19565F276871A213F901 /* TemplateRenderer.swift */,
				B9D9B3DC750E7195BC618D4C /* TemplateTokenizer.swift */,
			);
			path = Domain;
			sourceTree = "<group>";
		};
		E99879D2FBAA7C390685513B /* Infrastructure */ = {
			isa = PBXGroup;
			children = (
				ED3950356959F6201106F692 /* Capture */,
				B5299E97EB68ED94F36F3893 /* Hotkeys */,
				0A5B3E44EBA0B158F579AD86 /* OCR */,
				D5336DF9EAF82C7AAEB3F289 /* Paste */,
				8FE500BCB81B73C0643178B9 /* Permissions */,
				12B68C838F47DF9FEE7A2AFB /* Storage */,
				68DE13D3E554E08D98D4CAC7 /* Sync */,
			);
			path = Infrastructure;
			sourceTree = "<group>";
		};
		EC85ADDA9F2618085010AB7B /* ClipstashTests */ = {
			isa = PBXGroup;
			children = (
				D89C9EF34E19902A226E2FFC /* ClipboardRepositoryTests.swift */,
				209C966ACF18D974B301D2A2 /* FuzzyScorerTests.swift */,
				0C442A34A75DC98E62A9399B /* InMemoryDatabase.swift */,
				10B80FE840103A9E191225FD /* PrivacyFilterTests.swift */,
				849676D51C70408922DB331F /* PromptVariablesTests.swift */,
				FC9F6029B1C115B7188F3AE1 /* SlotFileFormatTests.swift */,
				029C5EB7C9A44874FB092932 /* TemplateRendererTests.swift */,
				DED5C5612A2A026E1965C77D /* TemplateTokenizerTests.swift */,
				B3A8115001FB4FD1CBE8FD0E /* TextTransformTests.swift */,
			);
			path = ClipstashTests;
			sourceTree = "<group>";
		};
		ED3950356959F6201106F692 /* Capture */ = {
			isa = PBXGroup;
			children = (
				01958B1DAF9146D2BAE1ECB3 /* ClipboardWatcher.swift */,
				AF25575CA44DDA3041E753EA /* PasteboardReading.swift */,
				EBCFD46A9627B188D1EE5A47 /* SystemPasteboard.swift */,
			);
			path = Capture;
			sourceTree = "<group>";
		};
/* End PBXGroup section */

/* Begin PBXNativeTarget section */
		712F6551295D1B47D05F523C /* Clipstash */ = {
			isa = PBXNativeTarget;
			buildConfigurationList = 62755D618ED887ECAF474BF7 /* Build configuration list for PBXNativeTarget "Clipstash" */;
			buildPhases = (
				1455A34F4A175CCE05B18535 /* Sources */,
				723C09749DC9576684FE39FD /* Frameworks */,
			);
			buildRules = (
			);
			dependencies = (
			);
			name = Clipstash;
			packageProductDependencies = (
				127CC8B2591DE258777F317F /* GRDB */,
				A1136442512986DF9FCAF225 /* HotKey */,
			);
			productName = Clipstash;
			productReference = 780F8C6FF465978D9774BFDB /* Clipstash.app */;
			productType = "com.apple.product-type.application";
		};
		94463BF961375667348FF769 /* ClipstashTests */ = {
			isa = PBXNativeTarget;
			buildConfigurationList = F7FADB0C67F1C7159C6016BA /* Build configuration list for PBXNativeTarget "ClipstashTests" */;
			buildPhases = (
				1C09E25A9647D41A780482E1 /* Sources */,
				20914612AB77D53B5340FA35 /* Frameworks */,
			);
			buildRules = (
			);
			dependencies = (
				C3955BEF1D087FB306DDBA33 /* PBXTargetDependency */,
			);
			name = ClipstashTests;
			packageProductDependencies = (
				583E4F232E132E09BEA9226A /* GRDB */,
			);
			productName = ClipstashTests;
			productReference = 5A9F11C867DCABC2474F6148 /* ClipstashTests.xctest */;
			productType = "com.apple.product-type.bundle.unit-test";
		};
/* End PBXNativeTarget section */

/* Begin PBXProject section */
		2EEAE2742C8177013FFF6094 /* Project object */ = {
			isa = PBXProject;
			attributes = {
				BuildIndependentTargetsInParallel = YES;
				LastUpgradeCheck = 1430;
				TargetAttributes = {
					712F6551295D1B47D05F523C = {
						DevelopmentTeam = "";
						ProvisioningStyle = Manual;
					};
				};
			};
			buildConfigurationList = DA8CAF92D39284D94E668652 /* Build configuration list for PBXProject "Clipstash" */;
			developmentRegion = en;
			hasScannedForEncodings = 0;
			knownRegions = (
				Base,
				en,
			);
			mainGroup = 7DA79395C9C564D24E612C98;
			minimizedProjectReferenceProxies = 1;
			packageReferences = (
				3A1921510316CF3090BB8286 /* XCRemoteSwiftPackageReference "GRDB.swift" */,
				2FFF1B05CD0D73E81F117B6B /* XCRemoteSwiftPackageReference "HotKey" */,
			);
			preferredProjectObjectVersion = 77;
			productRefGroup = C8ABC184ECA6FDD221755F91 /* Products */;
			projectDirPath = "";
			projectRoot = "";
			targets = (
				712F6551295D1B47D05F523C /* Clipstash */,
				94463BF961375667348FF769 /* ClipstashTests */,
			);
		};
/* End PBXProject section */

/* Begin PBXSourcesBuildPhase section */
		1455A34F4A175CCE05B18535 /* Sources */ = {
			isa = PBXSourcesBuildPhase;
			buildActionMask = 2147483647;
			files = (
				02D48836AB3CE4A8341F7766 /* AccessibilityPermission.swift in Sources */,
				117483C5592F4EE18FDE140A /* AccessibilityPrompt.swift in Sources */,
				11A5B4704A107F2415397601 /* AppDelegate.swift in Sources */,
				4763DF61C7987DF8C586902E /* CapturedContent.swift in Sources */,
				D477A9865A63292F149D628C /* CaseTransforms.swift in Sources */,
				23E992FF16AD542E39173A55 /* ClipboardItem.swift in Sources */,
				61399F3C79F430AF00A60958 /* ClipboardPopoverView.swift in Sources */,
				AAEC40FA2FE54E278E78740B /* ClipboardRecord.swift in Sources */,
				966452C1C0B9BD07D478AAF9 /* ClipboardRepository.swift in Sources */,
				3E74B875A902D87BB937026B /* ClipboardStore.swift in Sources */,
				D03C5F81FEBEF8EB96D5902F /* ClipboardWatcher.swift in Sources */,
				75A95D6F49BD5CB0F7D78480 /* ClipstashApp.swift in Sources */,
				98A02A91092488D2FED58658 /* ContentHasher.swift in Sources */,
				BFE6952A4AC73F271AE438B9 /* DatabaseFactory.swift in Sources */,
				DEB22CA5E32FBB96CEE283B7 /* DragPayload.swift in Sources */,
				3B6D512F4B1D9C026F20F3E7 /* EncodingTransforms.swift in Sources */,
				C6F32CD8D320DFE6D00F2872 /* ExclusionList.swift in Sources */,
				42342ED5CA72AEE0D0E079C6 /* FolderWatcher.swift in Sources */,
				95B068A4887C4C12D552F751 /* FormatTransforms.swift in Sources */,
				AB0DD119770B2E18F77CEB8F /* FuzzyScorer.swift in Sources */,
				53D113627BCCC97568749D03 /* GRDBClipboardRepository.swift in Sources */,
				B0747E520926717B1AAC9BD3 /* HUDToast.swift in Sources */,
				801352EC65D09DF911BF9FCD /* HashTransforms.swift in Sources */,
				A09C811E8F8217C44567F699 /* HistoryRow.swift in Sources */,
				33E496DB7C2055C2E8343F38 /* HotkeyAction.swift in Sources */,
				E3E6C8EF84192B13ED161945 /* HotkeyCenter.swift in Sources */,
				343D52105315F9ECC1C8D5EF /* MenuBarController.swift in Sources */,
				DA35FE3D87B65F54C6418EB3 /* Migrations.swift in Sources */,
				A9F03B5759CFEBCE02A0E5AE /* OCRService.swift in Sources */,
				93F8133E2723C2F8D688A6C5 /* OnboardingWindow.swift in Sources */,
				D2E25D8EBFF63D8213ADF01F /* PasteEngine.swift in Sources */,
				2938B50AAC42B061628BB8F8 /* PasteboardReading.swift in Sources */,
				66505D29162EF66AE7A23EFB /* PinnedFolderSync.swift in Sources */,
				C2452D64BD2B79A405DAA491 /* PinnedSlotsBar.swift in Sources */,
				0BD36AA09FD43A51B41EB85F /* PopoverKeyMonitor.swift in Sources */,
				9A7F9BDFD5FE3C3F1DB10739 /* PrivacyFilter.swift in Sources */,
				D5874468C4E88C4283DF104B /* PrivacyModeState.swift in Sources */,
				94D05DD58CCFDECB77D07859 /* PromptSheet.swift in Sources */,
				592B5D9C1FABAB0723CFA001 /* SettingsView.swift in Sources */,
				147ADE5253153C0E75918523 /* SettingsWindowController.swift in Sources */,
				438152210B30BEDC268AC0B8 /* SlotFileFormat.swift in Sources */,
				0BC5B68A29512752354FB67F /* SlotTextEditor.swift in Sources */,
				D8B80469542D631B9ED0B244 /* StorageSettings.swift in Sources */,
				E706A001D8D27BFF7D590535 /* SystemPasteEngine.swift in Sources */,
				F3D43613D73C024F95758428 /* SystemPasteboard.swift in Sources */,
				63B0751B43D0F8724CAE110E /* TemplateEditor.swift in Sources */,
				F299744965DB98415FBC9946 /* TemplateRenderer.swift in Sources */,
				C48173C3F945D17EB6C443CD /* TemplateTokenizer.swift in Sources */,
				5EF665D97A7BF6614A67AD43 /* TextTransform.swift in Sources */,
			);
			runOnlyForDeploymentPostprocessing = 0;
		};
		1C09E25A9647D41A780482E1 /* Sources */ = {
			isa = PBXSourcesBuildPhase;
			buildActionMask = 2147483647;
			files = (
				06937B8E13E1A1870F7086FD /* ClipboardRepositoryTests.swift in Sources */,
				4C59FEE939E688C4A0DF2C17 /* FuzzyScorerTests.swift in Sources */,
				F7C70B0C9371C76B5490DC3A /* InMemoryDatabase.swift in Sources */,
				A800794CE6BB4778414CAD27 /* PrivacyFilterTests.swift in Sources */,
				CE9854AA76587CD7C5D5518C /* PromptVariablesTests.swift in Sources */,
				10E74B6BF7D7CCE7C1E91A5A /* SlotFileFormatTests.swift in Sources */,
				9BF24B4A4B95935001258451 /* TemplateRendererTests.swift in Sources */,
				AECF3D4550C55F5F4333655F /* TemplateTokenizerTests.swift in Sources */,
				5AA88F92AB26259C7B8387BA /* TextTransformTests.swift in Sources */,
			);
			runOnlyForDeploymentPostprocessing = 0;
		};
/* End PBXSourcesBuildPhase section */

/* Begin PBXTargetDependency section */
		C3955BEF1D087FB306DDBA33 /* PBXTargetDependency */ = {
			isa = PBXTargetDependency;
			target = 712F6551295D1B47D05F523C /* Clipstash */;
			targetProxy = 9DB1A45C90B27E3E276A4436 /* PBXContainerItemProxy */;
		};
/* End PBXTargetDependency section */

/* Begin XCBuildConfiguration section */
		378274C9D840E4B6F329B289 /* Release */ = {
			isa = XCBuildConfiguration;
			buildSettings = {
				ASSETCATALOG_COMPILER_APPICON_NAME = AppIcon;
				CODE_SIGN_ENTITLEMENTS = Clipstash/Resources/Clipstash.entitlements;
				CODE_SIGN_IDENTITY = "Clipstash Dev";
				CODE_SIGN_STYLE = Manual;
				COMBINE_HIDPI_IMAGES = YES;
				CURRENT_PROJECT_VERSION = 1;
				DEVELOPMENT_TEAM = "";
				ENABLE_HARDENED_RUNTIME = NO;
				ENABLE_USER_SCRIPT_SANDBOXING = NO;
				INFOPLIST_FILE = Clipstash/Resources/Info.plist;
				LD_RUNPATH_SEARCH_PATHS = (
					"$(inherited)",
					"@executable_path/../Frameworks",
				);
				MACOSX_DEPLOYMENT_TARGET = 13.0;
				MARKETING_VERSION = 0.1.0;
				OTHER_CODE_SIGN_FLAGS = "--timestamp=none";
				PRODUCT_BUNDLE_IDENTIFIER = com.soi.clipstash;
				PRODUCT_NAME = Clipstash;
				SDKROOT = macosx;
				SWIFT_VERSION = 5.9;
			};
			name = Release;
		};
		415DE6513D9926DF16FE714B /* Debug */ = {
			isa = XCBuildConfiguration;
			buildSettings = {
				ASSETCATALOG_COMPILER_APPICON_NAME = AppIcon;
				CODE_SIGN_ENTITLEMENTS = Clipstash/Resources/Clipstash.entitlements;
				CODE_SIGN_IDENTITY = "Clipstash Dev";
				CODE_SIGN_STYLE = Manual;
				COMBINE_HIDPI_IMAGES = YES;
				CURRENT_PROJECT_VERSION = 1;
				DEVELOPMENT_TEAM = "";
				ENABLE_HARDENED_RUNTIME = NO;
				ENABLE_USER_SCRIPT_SANDBOXING = NO;
				INFOPLIST_FILE = Clipstash/Resources/Info.plist;
				LD_RUNPATH_SEARCH_PATHS = (
					"$(inherited)",
					"@executable_path/../Frameworks",
				);
				MACOSX_DEPLOYMENT_TARGET = 13.0;
				MARKETING_VERSION = 0.1.0;
				OTHER_CODE_SIGN_FLAGS = "--timestamp=none";
				PRODUCT_BUNDLE_IDENTIFIER = com.soi.clipstash;
				PRODUCT_NAME = Clipstash;
				SDKROOT = macosx;
				SWIFT_VERSION = 5.9;
			};
			name = Debug;
		};
		8B9F49E0729D0E4E506C1A76 /* Release */ = {
			isa = XCBuildConfiguration;
			buildSettings = {
				ALWAYS_SEARCH_USER_PATHS = NO;
				CLANG_ANALYZER_NONNULL = YES;
				CLANG_ANALYZER_NUMBER_OBJECT_CONVERSION = YES_AGGRESSIVE;
				CLANG_CXX_LANGUAGE_STANDARD = "gnu++14";
				CLANG_CXX_LIBRARY = "libc++";
				CLANG_ENABLE_MODULES = YES;
				CLANG_ENABLE_OBJC_ARC = YES;
				CLANG_ENABLE_OBJC_WEAK = YES;
				CLANG_WARN_BLOCK_CAPTURE_AUTORELEASING = YES;
				CLANG_WARN_BOOL_CONVERSION = YES;
				CLANG_WARN_COMMA = YES;
				CLANG_WARN_CONSTANT_CONVERSION = YES;
				CLANG_WARN_DEPRECATED_OBJC_IMPLEMENTATIONS = YES;
				CLANG_WARN_DIRECT_OBJC_ISA_USAGE = YES_ERROR;
				CLANG_WARN_DOCUMENTATION_COMMENTS = YES;
				CLANG_WARN_EMPTY_BODY = YES;
				CLANG_WARN_ENUM_CONVERSION = YES;
				CLANG_WARN_INFINITE_RECURSION = YES;
				CLANG_WARN_INT_CONVERSION = YES;
				CLANG_WARN_NON_LITERAL_NULL_CONVERSION = YES;
				CLANG_WARN_OBJC_IMPLICIT_RETAIN_SELF = YES;
				CLANG_WARN_OBJC_LITERAL_CONVERSION = YES;
				CLANG_WARN_OBJC_ROOT_CLASS = YES_ERROR;
				CLANG_WARN_QUOTED_INCLUDE_IN_FRAMEWORK_HEADER = YES;
				CLANG_WARN_RANGE_LOOP_ANALYSIS = YES;
				CLANG_WARN_STRICT_PROTOTYPES = YES;
				CLANG_WARN_SUSPICIOUS_MOVE = YES;
				CLANG_WARN_UNGUARDED_AVAILABILITY = YES_AGGRESSIVE;
				CLANG_WARN_UNREACHABLE_CODE = YES;
				CLANG_WARN__DUPLICATE_METHOD_MATCH = YES;
				COPY_PHASE_STRIP = NO;
				DEBUG_INFORMATION_FORMAT = "dwarf-with-dsym";
				ENABLE_NS_ASSERTIONS = NO;
				ENABLE_STRICT_OBJC_MSGSEND = YES;
				GCC_C_LANGUAGE_STANDARD = gnu11;
				GCC_NO_COMMON_BLOCKS = YES;
				GCC_WARN_64_TO_32_BIT_CONVERSION = YES;
				GCC_WARN_ABOUT_RETURN_TYPE = YES_ERROR;
				GCC_WARN_UNDECLARED_SELECTOR = YES;
				GCC_WARN_UNINITIALIZED_AUTOS = YES_AGGRESSIVE;
				GCC_WARN_UNUSED_FUNCTION = YES;
				GCC_WARN_UNUSED_VARIABLE = YES;
				MACOSX_DEPLOYMENT_TARGET = 13.0;
				MTL_ENABLE_DEBUG_INFO = NO;
				MTL_FAST_MATH = YES;
				PRODUCT_NAME = "$(TARGET_NAME)";
				SDKROOT = macosx;
				SWIFT_COMPILATION_MODE = wholemodule;
				SWIFT_OPTIMIZATION_LEVEL = "-O";
				SWIFT_VERSION = 5.0;
			};
			name = Release;
		};
		A21843B91AD18C558410D846 /* Debug */ = {
			isa = XCBuildConfiguration;
			buildSettings = {
				ALWAYS_SEARCH_USER_PATHS = NO;
				CLANG_ANALYZER_NONNULL = YES;
				CLANG_ANALYZER_NUMBER_OBJECT_CONVERSION = YES_AGGRESSIVE;
				CLANG_CXX_LANGUAGE_STANDARD = "gnu++14";
				CLANG_CXX_LIBRARY = "libc++";
				CLANG_ENABLE_MODULES = YES;
				CLANG_ENABLE_OBJC_ARC = YES;
				CLANG_ENABLE_OBJC_WEAK = YES;
				CLANG_WARN_BLOCK_CAPTURE_AUTORELEASING = YES;
				CLANG_WARN_BOOL_CONVERSION = YES;
				CLANG_WARN_COMMA = YES;
				CLANG_WARN_CONSTANT_CONVERSION = YES;
				CLANG_WARN_DEPRECATED_OBJC_IMPLEMENTATIONS = YES;
				CLANG_WARN_DIRECT_OBJC_ISA_USAGE = YES_ERROR;
				CLANG_WARN_DOCUMENTATION_COMMENTS = YES;
				CLANG_WARN_EMPTY_BODY = YES;
				CLANG_WARN_ENUM_CONVERSION = YES;
				CLANG_WARN_INFINITE_RECURSION = YES;
				CLANG_WARN_INT_CONVERSION = YES;
				CLANG_WARN_NON_LITERAL_NULL_CONVERSION = YES;
				CLANG_WARN_OBJC_IMPLICIT_RETAIN_SELF = YES;
				CLANG_WARN_OBJC_LITERAL_CONVERSION = YES;
				CLANG_WARN_OBJC_ROOT_CLASS = YES_ERROR;
				CLANG_WARN_QUOTED_INCLUDE_IN_FRAMEWORK_HEADER = YES;
				CLANG_WARN_RANGE_LOOP_ANALYSIS = YES;
				CLANG_WARN_STRICT_PROTOTYPES = YES;
				CLANG_WARN_SUSPICIOUS_MOVE = YES;
				CLANG_WARN_UNGUARDED_AVAILABILITY = YES_AGGRESSIVE;
				CLANG_WARN_UNREACHABLE_CODE = YES;
				CLANG_WARN__DUPLICATE_METHOD_MATCH = YES;
				COPY_PHASE_STRIP = NO;
				DEBUG_INFORMATION_FORMAT = dwarf;
				ENABLE_STRICT_OBJC_MSGSEND = YES;
				ENABLE_TESTABILITY = YES;
				GCC_C_LANGUAGE_STANDARD = gnu11;
				GCC_DYNAMIC_NO_PIC = NO;
				GCC_NO_COMMON_BLOCKS = YES;
				GCC_OPTIMIZATION_LEVEL = 0;
				GCC_PREPROCESSOR_DEFINITIONS = (
					"$(inherited)",
					"DEBUG=1",
				);
				GCC_WARN_64_TO_32_BIT_CONVERSION = YES;
				GCC_WARN_ABOUT_RETURN_TYPE = YES_ERROR;
				GCC_WARN_UNDECLARED_SELECTOR = YES;
				GCC_WARN_UNINITIALIZED_AUTOS = YES_AGGRESSIVE;
				GCC_WARN_UNUSED_FUNCTION = YES;
				GCC_WARN_UNUSED_VARIABLE = YES;
				MACOSX_DEPLOYMENT_TARGET = 13.0;
				MTL_ENABLE_DEBUG_INFO = INCLUDE_SOURCE;
				MTL_FAST_MATH = YES;
				ONLY_ACTIVE_ARCH = YES;
				PRODUCT_NAME = "$(TARGET_NAME)";
				SDKROOT = macosx;
				SWIFT_ACTIVE_COMPILATION_CONDITIONS = DEBUG;
				SWIFT_OPTIMIZATION_LEVEL = "-Onone";
				SWIFT_VERSION = 5.0;
			};
			name = Debug;
		};
		BB96878C97E14559E032B50C /* Release */ = {
			isa = XCBuildConfiguration;
			buildSettings = {
				BUNDLE_LOADER = "$(TEST_HOST)";
				CODE_SIGN_IDENTITY = "-";
				COMBINE_HIDPI_IMAGES = YES;
				GENERATE_INFOPLIST_FILE = YES;
				LD_RUNPATH_SEARCH_PATHS = (
					"$(inherited)",
					"@executable_path/../Frameworks",
					"@loader_path/../Frameworks",
				);
				MACOSX_DEPLOYMENT_TARGET = 13.0;
				PRODUCT_BUNDLE_IDENTIFIER = com.soi.clipstash.tests;
				SDKROOT = macosx;
				SWIFT_VERSION = 5.9;
				TEST_HOST = "$(BUILT_PRODUCTS_DIR)/Clipstash.app/Contents/MacOS/Clipstash";
			};
			name = Release;
		};
		BDC8A9596FE403F4F076A9F1 /* Debug */ = {
			isa = XCBuildConfiguration;
			buildSettings = {
				BUNDLE_LOADER = "$(TEST_HOST)";
				CODE_SIGN_IDENTITY = "-";
				COMBINE_HIDPI_IMAGES = YES;
				GENERATE_INFOPLIST_FILE = YES;
				LD_RUNPATH_SEARCH_PATHS = (
					"$(inherited)",
					"@executable_path/../Frameworks",
					"@loader_path/../Frameworks",
				);
				MACOSX_DEPLOYMENT_TARGET = 13.0;
				PRODUCT_BUNDLE_IDENTIFIER = com.soi.clipstash.tests;
				SDKROOT = macosx;
				SWIFT_VERSION = 5.9;
				TEST_HOST = "$(BUILT_PRODUCTS_DIR)/Clipstash.app/Contents/MacOS/Clipstash";
			};
			name = Debug;
		};
/* End XCBuildConfiguration section */

/* Begin XCConfigurationList section */
		62755D618ED887ECAF474BF7 /* Build configuration list for PBXNativeTarget "Clipstash" */ = {
			isa = XCConfigurationList;
			buildConfigurations = (
				415DE6513D9926DF16FE714B /* Debug */,
				378274C9D840E4B6F329B289 /* Release */,
			);
			defaultConfigurationIsVisible = 0;
			defaultConfigurationName = Debug;
		};
		DA8CAF92D39284D94E668652 /* Build configuration list for PBXProject "Clipstash" */ = {
			isa = XCConfigurationList;
			buildConfigurations = (
				A21843B91AD18C558410D846 /* Debug */,
				8B9F49E0729D0E4E506C1A76 /* Release */,
			);
			defaultConfigurationIsVisible = 0;
			defaultConfigurationName = Debug;
		};
		F7FADB0C67F1C7159C6016BA /* Build configuration list for PBXNativeTarget "ClipstashTests" */ = {
			isa = XCConfigurationList;
			buildConfigurations = (
				BDC8A9596FE403F4F076A9F1 /* Debug */,
				BB96878C97E14559E032B50C /* Release */,
			);
			defaultConfigurationIsVisible = 0;
			defaultConfigurationName = Debug;
		};
/* End XCConfigurationList section */

/* Begin XCRemoteSwiftPackageReference section */
		2FFF1B05CD0D73E81F117B6B /* XCRemoteSwiftPackageReference "HotKey" */ = {
			isa = XCRemoteSwiftPackageReference;
			repositoryURL = "https://github.com/soffes/HotKey";
			requirement = {
				kind = upToNextMajorVersion;
				minimumVersion = 0.2.0;
			};
		};
		3A1921510316CF3090BB8286 /* XCRemoteSwiftPackageReference "GRDB.swift" */ = {
			isa = XCRemoteSwiftPackageReference;
			repositoryURL = "https://github.com/groue/GRDB.swift";
			requirement = {
				kind = upToNextMajorVersion;
				minimumVersion = 6.29.0;
			};
		};
/* End XCRemoteSwiftPackageReference section */

/* Begin XCSwiftPackageProductDependency section */
		127CC8B2591DE258777F317F /* GRDB */ = {
			isa = XCSwiftPackageProductDependency;
			package = 3A1921510316CF3090BB8286 /* XCRemoteSwiftPackageReference "GRDB.swift" */;
			productName = GRDB;
		};
		583E4F232E132E09BEA9226A /* GRDB */ = {
			isa = XCSwiftPackageProductDependency;
			package = 3A1921510316CF3090BB8286 /* XCRemoteSwiftPackageReference "GRDB.swift" */;
			productName = GRDB;
		};
		A1136442512986DF9FCAF225 /* HotKey */ = {
			isa = XCSwiftPackageProductDependency;
			package = 2FFF1B05CD0D73E81F117B6B /* XCRemoteSwiftPackageReference "HotKey" */;
			productName = HotKey;
		};
/* End XCSwiftPackageProductDependency section */
	};
	rootObject = 2EEAE2742C8177013FFF6094 /* Project object */;
}
